// !$*UTF8*$!
{
	archiveVersion = 1;
	classes = {
	};
	objectVersion = 48;
	objects = {

/* Begin PBXBuildFile section */
		1603778F2247C6BA008123BF /* ToolsWithTeethViewController.swift in Sources */ = {isa = PBXBuildFile; fileRef = 1603778E2247C6BA008123BF /* ToolsWithTeethViewController.swift */; };
		16080B1E2327F7B6008F0AEF /* KSODidButton.swift in Sources */ = {isa = PBXBuildFile; fileRef = 16080B1D2327F7B6008F0AEF /* KSODidButton.swift */; };
		16129FF4237464DE00E677B3 /* CampaignSignatures.swift in Sources */ = {isa = PBXBuildFile; fileRef = 16129FF3237464DE00E677B3 /* CampaignSignatures.swift */; };
		1617111121E25B5300BE9B2E /* ResourcesViewController.swift in Sources */ = {isa = PBXBuildFile; fileRef = 1617111021E25B5300BE9B2E /* ResourcesViewController.swift */; };
		161A0C1222B291DC0047DD40 /* LocationService.swift in Sources */ = {isa = PBXBuildFile; fileRef = 161A0C1122B291DC0047DD40 /* LocationService.swift */; };
		161D41AB21EF614E0061B5A7 /* NSLayoutConstraint+Extentions.swift in Sources */ = {isa = PBXBuildFile; fileRef = 161D41AA21EF614E0061B5A7 /* NSLayoutConstraint+Extentions.swift */; };
		162572D422E37DEF00A702C4 /* UserDefaultsHelper.swift in Sources */ = {isa = PBXBuildFile; fileRef = 162572D322E37DEF00A702C4 /* UserDefaultsHelper.swift */; };
		162602162373193D007B392D /* UINavigationController+Extention.swift in Sources */ = {isa = PBXBuildFile; fileRef = 162602152373193D007B392D /* UINavigationController+Extention.swift */; };
		163416FE215976E200C98646 /* UserTypeTableViewController.swift in Sources */ = {isa = PBXBuildFile; fileRef = 163416FD215976E200C98646 /* UserTypeTableViewController.swift */; };
		163417012159772D00C98646 /* UserTypeTableViewCell.swift in Sources */ = {isa = PBXBuildFile; fileRef = 163416FF2159772D00C98646 /* UserTypeTableViewCell.swift */; };
		1638882E228DD6080084D8CA /* KSOAuthorization.swift in Sources */ = {isa = PBXBuildFile; fileRef = 1638882D228DD6080084D8CA /* KSOAuthorization.swift */; };
		163A07E422C96F88006097E1 /* ShowLinkWithClearNotificatinStatusViewController.swift in Sources */ = {isa = PBXBuildFile; fileRef = 163A07E322C96F88006097E1 /* ShowLinkWithClearNotificatinStatusViewController.swift */; };
		163AA0892373731700E9C65E /* ViewController+ExtentionViewController.swift in Sources */ = {isa = PBXBuildFile; fileRef = 163AA0882373731700E9C65E /* ViewController+ExtentionViewController.swift */; };
		163D20362170F12200069294 /* HomeScoreTableViewCell.swift in Sources */ = {isa = PBXBuildFile; fileRef = 163D20352170F12200069294 /* HomeScoreTableViewCell.swift */; };
		163F239F20F694FF00022B38 /* KSOStartPageViewController.swift in Sources */ = {isa = PBXBuildFile; fileRef = 163F239E20F694FE00022B38 /* KSOStartPageViewController.swift */; };
		163F23A120F7FC1C00022B38 /* UIButton+Extentions.swift in Sources */ = {isa = PBXBuildFile; fileRef = 163F23A020F7FC1C00022B38 /* UIButton+Extentions.swift */; };
		164D7302234B4BA00080ACB7 /* HijackPoliciesViewModel.swift in Sources */ = {isa = PBXBuildFile; fileRef = 164D7301234B4BA00080ACB7 /* HijackPoliciesViewModel.swift */; };
		164D7304234B548D0080ACB7 /* HijackPLocationViewModel.swift in Sources */ = {isa = PBXBuildFile; fileRef = 164D7303234B548D0080ACB7 /* HijackPLocationViewModel.swift */; };
		164D7306234B9E6A0080ACB7 /* HijackPolicy.swift in Sources */ = {isa = PBXBuildFile; fileRef = 164D7305234B9E6A0080ACB7 /* HijackPolicy.swift */; };
		164D7308234BA1FB0080ACB7 /* HijackLocation.swift in Sources */ = {isa = PBXBuildFile; fileRef = 164D7307234BA1FB0080ACB7 /* HijackLocation.swift */; };
		164D730F234BA39D0080ACB7 /* Campaign.swift in Sources */ = {isa = PBXBuildFile; fileRef = 164D730E234BA39D0080ACB7 /* Campaign.swift */; };
		164D7311234BA56F0080ACB7 /* CampaignViewModel.swift in Sources */ = {isa = PBXBuildFile; fileRef = 164D7310234BA56F0080ACB7 /* CampaignViewModel.swift */; };
		164E6E2221EB785A00DEB99C /* DashboardTopIcon.swift in Sources */ = {isa = PBXBuildFile; fileRef = 164E6E2121EB785A00DEB99C /* DashboardTopIcon.swift */; };
		164F14EA21F68BD400823FF3 /* Onboarding.storyboard in Resources */ = {isa = PBXBuildFile; fileRef = 164F14E921F68BD400823FF3 /* Onboarding.storyboard */; };
		164F14F521F6914D00823FF3 /* HomeScoreTableViewCell.xib in Resources */ = {isa = PBXBuildFile; fileRef = 164F14F321F6914D00823FF3 /* HomeScoreTableViewCell.xib */; };
		164F14FB21F6919A00823FF3 /* HomeTableViewCell.xib in Resources */ = {isa = PBXBuildFile; fileRef = 164F14F921F6919A00823FF3 /* HomeTableViewCell.xib */; };
		16559BD020ADF9D5002D4F78 /* AppDelegate.swift in Sources */ = {isa = PBXBuildFile; fileRef = 16559BCF20ADF9D5002D4F78 /* AppDelegate.swift */; };
		16559BD720ADF9D5002D4F78 /* Main.storyboard in Resources */ = {isa = PBXBuildFile; fileRef = 16559BD520ADF9D5002D4F78 /* Main.storyboard */; };
		16559BD920ADF9D5002D4F78 /* Assets.xcassets in Resources */ = {isa = PBXBuildFile; fileRef = 16559BD820ADF9D5002D4F78 /* Assets.xcassets */; };
		16559BDC20ADF9D5002D4F78 /* LaunchScreen.storyboard in Resources */ = {isa = PBXBuildFile; fileRef = 16559BDA20ADF9D5002D4F78 /* LaunchScreen.storyboard */; };
		16559BE720ADF9D5002D4F78 /* KidsSaveOceanTests.swift in Sources */ = {isa = PBXBuildFile; fileRef = 16559BE620ADF9D5002D4F78 /* KidsSaveOceanTests.swift */; };
		16559BF220ADF9D6002D4F78 /* KidsSaveOceanUITests.swift in Sources */ = {isa = PBXBuildFile; fileRef = 16559BF120ADF9D6002D4F78 /* KidsSaveOceanUITests.swift */; };
		16573D3721F7C70900332FFF /* Dashboard.storyboard in Resources */ = {isa = PBXBuildFile; fileRef = 16573D3621F7C70900332FFF /* Dashboard.storyboard */; };
		165FBFA220DB565500DB556F /* UIColor+Extentions.swift in Sources */ = {isa = PBXBuildFile; fileRef = 165FBFA120DB565500DB556F /* UIColor+Extentions.swift */; };
		165FBFA420DB567900DB556F /* UIImage+Extentions.swift in Sources */ = {isa = PBXBuildFile; fileRef = 165FBFA320DB567900DB556F /* UIImage+Extentions.swift */; };
		16649E9220FEC72B000BCB48 /* Notification+Extentions.swift in Sources */ = {isa = PBXBuildFile; fileRef = 16649E9120FEC72B000BCB48 /* Notification+Extentions.swift */; };
		16664B1622C4149D00F332A7 /* ActivistViewContoller.swift in Sources */ = {isa = PBXBuildFile; fileRef = 16664B1522C4149D00F332A7 /* ActivistViewContoller.swift */; };
		1666720420B6E2AB0098C5FC /* UIView+Extentions.swift in Sources */ = {isa = PBXBuildFile; fileRef = 1666720320B6E2AB0098C5FC /* UIView+Extentions.swift */; };
		16680E0E215A96EB00054CBC /* UIFont+Extentions.swift in Sources */ = {isa = PBXBuildFile; fileRef = 16680E0D215A96EB00054CBC /* UIFont+Extentions.swift */; };
		1668C08420C8503500E17DAF /* KSOTabViewController.swift in Sources */ = {isa = PBXBuildFile; fileRef = 1668C08320C8503500E17DAF /* KSOTabViewController.swift */; };
		166F684D22C121860063C68B /* ActionAlertButton.swift in Sources */ = {isa = PBXBuildFile; fileRef = 166F684C22C121860063C68B /* ActionAlertButton.swift */; };
		16768111215AD41E00EE4E1F /* HomeTableViewController.swift in Sources */ = {isa = PBXBuildFile; fileRef = 16768110215AD41D00EE4E1F /* HomeTableViewController.swift */; };
		16768113215AD71100EE4E1F /* HomeTableViewCell.swift in Sources */ = {isa = PBXBuildFile; fileRef = 16768112215AD71100EE4E1F /* HomeTableViewCell.swift */; };
		1679B06B21E935D100C15F2A /* DashboardViewController.swift in Sources */ = {isa = PBXBuildFile; fileRef = 1679B06921E935D100C15F2A /* DashboardViewController.swift */; };
		1679B06E21EA29E200C15F2A /* knobClick.mp3 in Resources */ = {isa = PBXBuildFile; fileRef = 1679B06D21EA29E100C15F2A /* knobClick.mp3 */; };
		1679C90622E26D8D00BC1A89 /* NotificationItem.swift in Sources */ = {isa = PBXBuildFile; fileRef = 1679C90522E26D8D00BC1A89 /* NotificationItem.swift */; };
		1679C90822E270B700BC1A89 /* NotificationTarget.swift in Sources */ = {isa = PBXBuildFile; fileRef = 1679C90722E270B700BC1A89 /* NotificationTarget.swift */; };
		168F9D58223DDEEA000A432D /* AlertActionDashboardViewController.swift in Sources */ = {isa = PBXBuildFile; fileRef = 168F9D57223DDEEA000A432D /* AlertActionDashboardViewController.swift */; };
		169D6CF222D73629008073DF /* WriteToWhereViewController.swift in Sources */ = {isa = PBXBuildFile; fileRef = 169D6CF122D73629008073DF /* WriteToWhereViewController.swift */; };
		16BA0A3C229027F100E36F25 /* UserViewModel.swift in Sources */ = {isa = PBXBuildFile; fileRef = 16BA0A3B229027F100E36F25 /* UserViewModel.swift */; };
		16BA0A3E2290281A00E36F25 /* User.swift in Sources */ = {isa = PBXBuildFile; fileRef = 16BA0A3D2290281A00E36F25 /* User.swift */; };
		16CF1A162382377B001D099D /* SF-Pro-Display-Semibold.otf in Resources */ = {isa = PBXBuildFile; fileRef = 7CE89F9121A1FF5100C2D6DA /* SF-Pro-Display-Semibold.otf */; };
		16CF1A172382377E001D099D /* SF-Pro-Text-Semibold.otf in Resources */ = {isa = PBXBuildFile; fileRef = 7CE89F9021A1FF5100C2D6DA /* SF-Pro-Text-Semibold.otf */; };
		16CF1A192389F9BB001D099D /* ShareKidsSaveOcean.swift in Sources */ = {isa = PBXBuildFile; fileRef = 16CF1A182389F9BB001D099D /* ShareKidsSaveOcean.swift */; };
		16D4C27C22C1552F006DBC64 /* NotificationController.swift in Sources */ = {isa = PBXBuildFile; fileRef = 16D4C27B22C1552F006DBC64 /* NotificationController.swift */; };
		16D4C27E22C157AD006DBC64 /* Instantiatable.swift in Sources */ = {isa = PBXBuildFile; fileRef = 16D4C27D22C157AC006DBC64 /* Instantiatable.swift */; };
		16D4C28122C3E5A2006DBC64 /* HomeTableViewCellProtocol.swift in Sources */ = {isa = PBXBuildFile; fileRef = 16D4C28022C3E5A2006DBC64 /* HomeTableViewCellProtocol.swift */; };
		16D4C28322C3FDBE006DBC64 /* NotificationProtocol.swift in Sources */ = {isa = PBXBuildFile; fileRef = 16D4C28222C3FDBE006DBC64 /* NotificationProtocol.swift */; };
		16D4C28522C3FE10006DBC64 /* NotificationBadgeProtocol.swift in Sources */ = {isa = PBXBuildFile; fileRef = 16D4C28422C3FE10006DBC64 /* NotificationBadgeProtocol.swift */; };
		16EA5FCE220CD5AD00DE062E /* MediaViewController.swift in Sources */ = {isa = PBXBuildFile; fileRef = 16EA5FCD220CD5AD00DE062E /* MediaViewController.swift */; };
		16EA5FD0220CD62A00DE062E /* WebIntegrationViewController.swift in Sources */ = {isa = PBXBuildFile; fileRef = 16EA5FCF220CD62A00DE062E /* WebIntegrationViewController.swift */; };
		16EA5FD2220CDB7B00DE062E /* UserTypeVideoViewController.swift in Sources */ = {isa = PBXBuildFile; fileRef = 16EA5FD1220CDB7B00DE062E /* UserTypeVideoViewController.swift */; };
		16ECE4702299F11D0099C406 /* PolicyViewController.swift in Sources */ = {isa = PBXBuildFile; fileRef = 16ECE46F2299F11D0099C406 /* PolicyViewController.swift */; };
		16ED9DAA20C343DB005BF4E1 /* KSOStaticDataStructures.swift in Sources */ = {isa = PBXBuildFile; fileRef = 16ED9DA920C343DB005BF4E1 /* KSOStaticDataStructures.swift */; };
		16ED9DAC20C34730005BF4E1 /* KSOStaticData.swift in Sources */ = {isa = PBXBuildFile; fileRef = 16ED9DAB20C34730005BF4E1 /* KSOStaticData.swift */; };
		3836065AA4051485D34E13DD /* Pods_KidsSaveOceanTests.framework in Frameworks */ = {isa = PBXBuildFile; fileRef = 9BE9EDF84547614BBD872B31 /* Pods_KidsSaveOceanTests.framework */; };
		55A9694322ABEF12EE3CB99E /* Pods_KidsSaveOcean.framework in Frameworks */ = {isa = PBXBuildFile; fileRef = 0D4A7B094B39EBB0F76DA0F1 /* Pods_KidsSaveOcean.framework */; };
		7C00FFBA21185B7000320309 /* CountryContactsViewController.swift in Sources */ = {isa = PBXBuildFile; fileRef = 7C00FFB921185B7000320309 /* CountryContactsViewController.swift */; };
		7C0B1CD422232BE40033F251 /* GoogleService-Info.plist in Resources */ = {isa = PBXBuildFile; fileRef = 7C0B1CD322232BE40033F251 /* GoogleService-Info.plist */; };
		7C0B1CD722232EC60033F251 /* CountriesService.swift in Sources */ = {isa = PBXBuildFile; fileRef = 7C0B1CD622232EC50033F251 /* CountriesService.swift */; };
		7C2B9A6F21188EEB00977E21 /* CountryContactsViewModel.swift in Sources */ = {isa = PBXBuildFile; fileRef = 7C2B9A6E21188EEB00977E21 /* CountryContactsViewModel.swift */; };
		7C312FD82118DFE5008CEDDA /* ContactDetailsViewController.swift in Sources */ = {isa = PBXBuildFile; fileRef = 7C312FD72118DFE5008CEDDA /* ContactDetailsViewController.swift */; };
		7C4AF9A8233A8440006A8566 /* TrackTableViewCell.swift in Sources */ = {isa = PBXBuildFile; fileRef = 7C4AF9A7233A8440006A8566 /* TrackTableViewCell.swift */; };
		7C4BAB9E211C94B00038BAF2 /* CountryContact.swift in Sources */ = {isa = PBXBuildFile; fileRef = 7C4BAB9D211C94B00038BAF2 /* CountryContact.swift */; };
		7C7BBAC521B864B100C48D4E /* LetterTrackerViewController.swift in Sources */ = {isa = PBXBuildFile; fileRef = 7C7BBAC421B864B100C48D4E /* LetterTrackerViewController.swift */; };
		7C9891632331264C00400CC5 /* YouthInitiativeProcessViewController.swift in Sources */ = {isa = PBXBuildFile; fileRef = 7C9891622331264C00400CC5 /* YouthInitiativeProcessViewController.swift */; };
		7C9891652331274900400CC5 /* Follow7StepsViewController.swift in Sources */ = {isa = PBXBuildFile; fileRef = 7C9891642331274800400CC5 /* Follow7StepsViewController.swift */; };
		7C989167233127A800400CC5 /* VoteNowViewController.swift in Sources */ = {isa = PBXBuildFile; fileRef = 7C989166233127A800400CC5 /* VoteNowViewController.swift */; };
		7C9891692331280800400CC5 /* SignUpUpdateViewController.swift in Sources */ = {isa = PBXBuildFile; fileRef = 7C9891682331280800400CC5 /* SignUpUpdateViewController.swift */; };
		7C98916B2331285100400CC5 /* MultiplympactViewController.swift in Sources */ = {isa = PBXBuildFile; fileRef = 7C98916A2331285100400CC5 /* MultiplympactViewController.swift */; };
		7C98916D2331289700400CC5 /* TrackTheHijackViewController.swift in Sources */ = {isa = PBXBuildFile; fileRef = 7C98916C2331289700400CC5 /* TrackTheHijackViewController.swift */; };
		7CB3FF5B232FF8F000415D75 /* CreateNewEnvironmentPolicyViewController.swift in Sources */ = {isa = PBXBuildFile; fileRef = 7CB3FF5A232FF8F000415D75 /* CreateNewEnvironmentPolicyViewController.swift */; };
		7CB3FF5D232FF9E300415D75 /* CreateNewEnvironmentPolicyViewController.storyboard in Resources */ = {isa = PBXBuildFile; fileRef = 7CB3FF5C232FF9E300415D75 /* CreateNewEnvironmentPolicyViewController.storyboard */; };
		7CB51D38233A901D0014094C /* StepsTableViewCell.swift in Sources */ = {isa = PBXBuildFile; fileRef = 7CB51D37233A901D0014094C /* StepsTableViewCell.swift */; };
		7CE89F9521A2005F00C2D6DA /* SF-Pro-Text-Regular.otf in Resources */ = {isa = PBXBuildFile; fileRef = 7CE89F9421A2005E00C2D6DA /* SF-Pro-Text-Regular.otf */; };
		7CFF7BE22339455E00C7081E /* EnvironmentTableViewCell.swift in Sources */ = {isa = PBXBuildFile; fileRef = 7CFF7BE12339455E00C7081E /* EnvironmentTableViewCell.swift */; };
		945A089120F643EB006ED13D /* MapViewController.swift in Sources */ = {isa = PBXBuildFile; fileRef = 945A089020F643EB006ED13D /* MapViewController.swift */; };
		945A089320F64520006ED13D /* KSOPinOfLetters.swift in Sources */ = {isa = PBXBuildFile; fileRef = 945A089220F64520006ED13D /* KSOPinOfLetters.swift */; };
		946847D92139E299007A1158 /* KSOCustomMapPin.swift in Sources */ = {isa = PBXBuildFile; fileRef = 946847D82139E299007A1158 /* KSOCustomMapPin.swift */; };
		AF0733B174CB6B38D278E954 /* Pods_KidsSaveOceanUITests.framework in Frameworks */ = {isa = PBXBuildFile; fileRef = 188CDABD5EC2509FD5EB333C /* Pods_KidsSaveOceanUITests.framework */; };
		C55E0700214EEAB9009B7BD6 /* CGFloat+Extentions.swift in Sources */ = {isa = PBXBuildFile; fileRef = C55E06FF214EEAB9009B7BD6 /* CGFloat+Extentions.swift */; };
		C55E0703214EF0ED009B7BD6 /* KSOMapTop10TableViewCell.swift in Sources */ = {isa = PBXBuildFile; fileRef = C55E0701214EF0ED009B7BD6 /* KSOMapTop10TableViewCell.swift */; };
		C55E0704214EF0ED009B7BD6 /* KSOMapTop10TableViewCell.xib in Resources */ = {isa = PBXBuildFile; fileRef = C55E0702214EF0ED009B7BD6 /* KSOMapTop10TableViewCell.xib */; };
/* End PBXBuildFile section */

/* Begin PBXContainerItemProxy section */
		16559BE320ADF9D5002D4F78 /* PBXContainerItemProxy */ = {
			isa = PBXContainerItemProxy;
			containerPortal = 16559BC420ADF9D5002D4F78 /* Project object */;
			proxyType = 1;
			remoteGlobalIDString = 16559BCB20ADF9D5002D4F78;
			remoteInfo = KidsSaveOcean;
		};
		16559BEE20ADF9D6002D4F78 /* PBXContainerItemProxy */ = {
			isa = PBXContainerItemProxy;
			containerPortal = 16559BC420ADF9D5002D4F78 /* Project object */;
			proxyType = 1;
			remoteGlobalIDString = 16559BCB20ADF9D5002D4F78;
			remoteInfo = KidsSaveOcean;
		};
/* End PBXContainerItemProxy section */

/* Begin PBXFileReference section */
		0D4A7B094B39EBB0F76DA0F1 /* Pods_KidsSaveOcean.framework */ = {isa = PBXFileReference; explicitFileType = wrapper.framework; includeInIndex = 0; path = Pods_KidsSaveOcean.framework; sourceTree = BUILT_PRODUCTS_DIR; };
		1603778E2247C6BA008123BF /* ToolsWithTeethViewController.swift */ = {isa = PBXFileReference; lastKnownFileType = sourcecode.swift; path = ToolsWithTeethViewController.swift; sourceTree = "<group>"; };
		16080B1D2327F7B6008F0AEF /* KSODidButton.swift */ = {isa = PBXFileReference; lastKnownFileType = sourcecode.swift; path = KSODidButton.swift; sourceTree = "<group>"; };
		16129FF3237464DE00E677B3 /* CampaignSignatures.swift */ = {isa = PBXFileReference; lastKnownFileType = sourcecode.swift; path = CampaignSignatures.swift; sourceTree = "<group>"; };
		1617111021E25B5300BE9B2E /* ResourcesViewController.swift */ = {isa = PBXFileReference; lastKnownFileType = sourcecode.swift; path = ResourcesViewController.swift; sourceTree = "<group>"; };
		161A0C1122B291DC0047DD40 /* LocationService.swift */ = {isa = PBXFileReference; lastKnownFileType = sourcecode.swift; path = LocationService.swift; sourceTree = "<group>"; };
		161D41AA21EF614E0061B5A7 /* NSLayoutConstraint+Extentions.swift */ = {isa = PBXFileReference; lastKnownFileType = sourcecode.swift; path = "NSLayoutConstraint+Extentions.swift"; sourceTree = "<group>"; };
		162572D322E37DEF00A702C4 /* UserDefaultsHelper.swift */ = {isa = PBXFileReference; lastKnownFileType = sourcecode.swift; path = UserDefaultsHelper.swift; sourceTree = "<group>"; };
		162602152373193D007B392D /* UINavigationController+Extention.swift */ = {isa = PBXFileReference; lastKnownFileType = sourcecode.swift; path = "UINavigationController+Extention.swift"; sourceTree = "<group>"; };
		163416FD215976E200C98646 /* UserTypeTableViewController.swift */ = {isa = PBXFileReference; lastKnownFileType = sourcecode.swift; path = UserTypeTableViewController.swift; sourceTree = "<group>"; };
		163416FF2159772D00C98646 /* UserTypeTableViewCell.swift */ = {isa = PBXFileReference; lastKnownFileType = sourcecode.swift; path = UserTypeTableViewCell.swift; sourceTree = "<group>"; };
		1638882D228DD6080084D8CA /* KSOAuthorization.swift */ = {isa = PBXFileReference; lastKnownFileType = sourcecode.swift; path = KSOAuthorization.swift; sourceTree = "<group>"; };
		163A07E322C96F88006097E1 /* ShowLinkWithClearNotificatinStatusViewController.swift */ = {isa = PBXFileReference; lastKnownFileType = sourcecode.swift; path = ShowLinkWithClearNotificatinStatusViewController.swift; sourceTree = "<group>"; };
		163AA0882373731700E9C65E /* ViewController+ExtentionViewController.swift */ = {isa = PBXFileReference; lastKnownFileType = sourcecode.swift; path = "ViewController+ExtentionViewController.swift"; sourceTree = "<group>"; };
		163D20352170F12200069294 /* HomeScoreTableViewCell.swift */ = {isa = PBXFileReference; lastKnownFileType = sourcecode.swift; path = HomeScoreTableViewCell.swift; sourceTree = "<group>"; };
		163F239E20F694FE00022B38 /* KSOStartPageViewController.swift */ = {isa = PBXFileReference; fileEncoding = 4; lastKnownFileType = sourcecode.swift; path = KSOStartPageViewController.swift; sourceTree = "<group>"; };
		163F23A020F7FC1C00022B38 /* UIButton+Extentions.swift */ = {isa = PBXFileReference; lastKnownFileType = sourcecode.swift; path = "UIButton+Extentions.swift"; sourceTree = "<group>"; };
		164D7301234B4BA00080ACB7 /* HijackPoliciesViewModel.swift */ = {isa = PBXFileReference; lastKnownFileType = sourcecode.swift; path = HijackPoliciesViewModel.swift; sourceTree = "<group>"; };
		164D7303234B548D0080ACB7 /* HijackPLocationViewModel.swift */ = {isa = PBXFileReference; lastKnownFileType = sourcecode.swift; path = HijackPLocationViewModel.swift; sourceTree = "<group>"; };
		164D7305234B9E6A0080ACB7 /* HijackPolicy.swift */ = {isa = PBXFileReference; lastKnownFileType = sourcecode.swift; path = HijackPolicy.swift; sourceTree = "<group>"; };
		164D7307234BA1FB0080ACB7 /* HijackLocation.swift */ = {isa = PBXFileReference; lastKnownFileType = sourcecode.swift; path = HijackLocation.swift; sourceTree = "<group>"; };
		164D730E234BA39D0080ACB7 /* Campaign.swift */ = {isa = PBXFileReference; lastKnownFileType = sourcecode.swift; path = Campaign.swift; sourceTree = "<group>"; };
		164D7310234BA56F0080ACB7 /* CampaignViewModel.swift */ = {isa = PBXFileReference; fileEncoding = 4; lastKnownFileType = sourcecode.swift; path = CampaignViewModel.swift; sourceTree = "<group>"; };
		164E6E2121EB785A00DEB99C /* DashboardTopIcon.swift */ = {isa = PBXFileReference; lastKnownFileType = sourcecode.swift; path = DashboardTopIcon.swift; sourceTree = "<group>"; };
		164F14E921F68BD400823FF3 /* Onboarding.storyboard */ = {isa = PBXFileReference; lastKnownFileType = file.storyboard; path = Onboarding.storyboard; sourceTree = "<group>"; };
		164F14F321F6914D00823FF3 /* HomeScoreTableViewCell.xib */ = {isa = PBXFileReference; lastKnownFileType = file.xib; path = HomeScoreTableViewCell.xib; sourceTree = "<group>"; };
		164F14F921F6919A00823FF3 /* HomeTableViewCell.xib */ = {isa = PBXFileReference; lastKnownFileType = file.xib; path = HomeTableViewCell.xib; sourceTree = "<group>"; };
		16559BCC20ADF9D5002D4F78 /* KidsSaveOcean.app */ = {isa = PBXFileReference; explicitFileType = wrapper.application; includeInIndex = 0; path = KidsSaveOcean.app; sourceTree = BUILT_PRODUCTS_DIR; };
		16559BCF20ADF9D5002D4F78 /* AppDelegate.swift */ = {isa = PBXFileReference; lastKnownFileType = sourcecode.swift; path = AppDelegate.swift; sourceTree = "<group>"; };
		16559BD620ADF9D5002D4F78 /* Base */ = {isa = PBXFileReference; lastKnownFileType = file.storyboard; name = Base; path = Base.lproj/Main.storyboard; sourceTree = "<group>"; };
		16559BD820ADF9D5002D4F78 /* Assets.xcassets */ = {isa = PBXFileReference; lastKnownFileType = folder.assetcatalog; path = Assets.xcassets; sourceTree = "<group>"; };
		16559BDB20ADF9D5002D4F78 /* Base */ = {isa = PBXFileReference; lastKnownFileType = file.storyboard; name = Base; path = Base.lproj/LaunchScreen.storyboard; sourceTree = "<group>"; };
		16559BDD20ADF9D5002D4F78 /* Info.plist */ = {isa = PBXFileReference; lastKnownFileType = text.plist.xml; path = Info.plist; sourceTree = "<group>"; };
		16559BE220ADF9D5002D4F78 /* KidsSaveOceanTests.xctest */ = {isa = PBXFileReference; explicitFileType = wrapper.cfbundle; includeInIndex = 0; path = KidsSaveOceanTests.xctest; sourceTree = BUILT_PRODUCTS_DIR; };
		16559BE620ADF9D5002D4F78 /* KidsSaveOceanTests.swift */ = {isa = PBXFileReference; lastKnownFileType = sourcecode.swift; path = KidsSaveOceanTests.swift; sourceTree = "<group>"; };
		16559BE820ADF9D5002D4F78 /* Info.plist */ = {isa = PBXFileReference; lastKnownFileType = text.plist.xml; path = Info.plist; sourceTree = "<group>"; };
		16559BED20ADF9D6002D4F78 /* KidsSaveOceanUITests.xctest */ = {isa = PBXFileReference; explicitFileType = wrapper.cfbundle; includeInIndex = 0; path = KidsSaveOceanUITests.xctest; sourceTree = BUILT_PRODUCTS_DIR; };
		16559BF120ADF9D6002D4F78 /* KidsSaveOceanUITests.swift */ = {isa = PBXFileReference; lastKnownFileType = sourcecode.swift; path = KidsSaveOceanUITests.swift; sourceTree = "<group>"; };
		16559BF320ADF9D6002D4F78 /* Info.plist */ = {isa = PBXFileReference; lastKnownFileType = text.plist.xml; path = Info.plist; sourceTree = "<group>"; };
		16573D3621F7C70900332FFF /* Dashboard.storyboard */ = {isa = PBXFileReference; lastKnownFileType = file.storyboard; path = Dashboard.storyboard; sourceTree = "<group>"; };
		165FBFA120DB565500DB556F /* UIColor+Extentions.swift */ = {isa = PBXFileReference; lastKnownFileType = sourcecode.swift; path = "UIColor+Extentions.swift"; sourceTree = "<group>"; };
		165FBFA320DB567900DB556F /* UIImage+Extentions.swift */ = {isa = PBXFileReference; lastKnownFileType = sourcecode.swift; path = "UIImage+Extentions.swift"; sourceTree = "<group>"; };
		16649E9120FEC72B000BCB48 /* Notification+Extentions.swift */ = {isa = PBXFileReference; lastKnownFileType = sourcecode.swift; path = "Notification+Extentions.swift"; sourceTree = "<group>"; };
		16664B1522C4149D00F332A7 /* ActivistViewContoller.swift */ = {isa = PBXFileReference; lastKnownFileType = sourcecode.swift; path = ActivistViewContoller.swift; sourceTree = "<group>"; };
		1666720320B6E2AB0098C5FC /* UIView+Extentions.swift */ = {isa = PBXFileReference; lastKnownFileType = sourcecode.swift; path = "UIView+Extentions.swift"; sourceTree = "<group>"; };
		16680E0D215A96EB00054CBC /* UIFont+Extentions.swift */ = {isa = PBXFileReference; lastKnownFileType = sourcecode.swift; path = "UIFont+Extentions.swift"; sourceTree = "<group>"; };
		1668C08320C8503500E17DAF /* KSOTabViewController.swift */ = {isa = PBXFileReference; lastKnownFileType = sourcecode.swift; path = KSOTabViewController.swift; sourceTree = "<group>"; };
		166F684C22C121860063C68B /* ActionAlertButton.swift */ = {isa = PBXFileReference; lastKnownFileType = sourcecode.swift; path = ActionAlertButton.swift; sourceTree = "<group>"; };
		16768110215AD41D00EE4E1F /* HomeTableViewController.swift */ = {isa = PBXFileReference; lastKnownFileType = sourcecode.swift; path = HomeTableViewController.swift; sourceTree = "<group>"; };
		16768112215AD71100EE4E1F /* HomeTableViewCell.swift */ = {isa = PBXFileReference; lastKnownFileType = sourcecode.swift; path = HomeTableViewCell.swift; sourceTree = "<group>"; };
		1679B06921E935D100C15F2A /* DashboardViewController.swift */ = {isa = PBXFileReference; lastKnownFileType = sourcecode.swift; path = DashboardViewController.swift; sourceTree = "<group>"; };
		1679B06D21EA29E100C15F2A /* knobClick.mp3 */ = {isa = PBXFileReference; lastKnownFileType = audio.mp3; path = knobClick.mp3; sourceTree = "<group>"; };
		1679C90522E26D8D00BC1A89 /* NotificationItem.swift */ = {isa = PBXFileReference; lastKnownFileType = sourcecode.swift; path = NotificationItem.swift; sourceTree = "<group>"; };
		1679C90722E270B700BC1A89 /* NotificationTarget.swift */ = {isa = PBXFileReference; lastKnownFileType = sourcecode.swift; path = NotificationTarget.swift; sourceTree = "<group>"; };
		168F9D57223DDEEA000A432D /* AlertActionDashboardViewController.swift */ = {isa = PBXFileReference; lastKnownFileType = sourcecode.swift; path = AlertActionDashboardViewController.swift; sourceTree = "<group>"; };
		169D6CF122D73629008073DF /* WriteToWhereViewController.swift */ = {isa = PBXFileReference; lastKnownFileType = sourcecode.swift; path = WriteToWhereViewController.swift; sourceTree = "<group>"; };
		16B5203322A956F000E41F7D /* KidsSaveOcean.entitlements */ = {isa = PBXFileReference; lastKnownFileType = text.plist.entitlements; path = KidsSaveOcean.entitlements; sourceTree = "<group>"; };
		16BA0A3B229027F100E36F25 /* UserViewModel.swift */ = {isa = PBXFileReference; lastKnownFileType = sourcecode.swift; path = UserViewModel.swift; sourceTree = "<group>"; };
		16BA0A3D2290281A00E36F25 /* User.swift */ = {isa = PBXFileReference; lastKnownFileType = sourcecode.swift; path = User.swift; sourceTree = "<group>"; };
		16CF1A182389F9BB001D099D /* ShareKidsSaveOcean.swift */ = {isa = PBXFileReference; lastKnownFileType = sourcecode.swift; path = ShareKidsSaveOcean.swift; sourceTree = "<group>"; };
		16D4C27B22C1552F006DBC64 /* NotificationController.swift */ = {isa = PBXFileReference; lastKnownFileType = sourcecode.swift; path = NotificationController.swift; sourceTree = "<group>"; };
		16D4C27D22C157AC006DBC64 /* Instantiatable.swift */ = {isa = PBXFileReference; fileEncoding = 4; lastKnownFileType = sourcecode.swift; path = Instantiatable.swift; sourceTree = "<group>"; };
		16D4C28022C3E5A2006DBC64 /* HomeTableViewCellProtocol.swift */ = {isa = PBXFileReference; lastKnownFileType = sourcecode.swift; path = HomeTableViewCellProtocol.swift; sourceTree = "<group>"; };
		16D4C28222C3FDBE006DBC64 /* NotificationProtocol.swift */ = {isa = PBXFileReference; lastKnownFileType = sourcecode.swift; path = NotificationProtocol.swift; sourceTree = "<group>"; };
		16D4C28422C3FE10006DBC64 /* NotificationBadgeProtocol.swift */ = {isa = PBXFileReference; lastKnownFileType = sourcecode.swift; path = NotificationBadgeProtocol.swift; sourceTree = "<group>"; };
		16EA5FCD220CD5AD00DE062E /* MediaViewController.swift */ = {isa = PBXFileReference; lastKnownFileType = sourcecode.swift; path = MediaViewController.swift; sourceTree = "<group>"; };
		16EA5FCF220CD62A00DE062E /* WebIntegrationViewController.swift */ = {isa = PBXFileReference; lastKnownFileType = sourcecode.swift; path = WebIntegrationViewController.swift; sourceTree = "<group>"; };
		16EA5FD1220CDB7B00DE062E /* UserTypeVideoViewController.swift */ = {isa = PBXFileReference; lastKnownFileType = sourcecode.swift; path = UserTypeVideoViewController.swift; sourceTree = "<group>"; };
		16ECE46F2299F11D0099C406 /* PolicyViewController.swift */ = {isa = PBXFileReference; lastKnownFileType = sourcecode.swift; path = PolicyViewController.swift; sourceTree = "<group>"; };
		16ED9DA920C343DB005BF4E1 /* KSOStaticDataStructures.swift */ = {isa = PBXFileReference; lastKnownFileType = sourcecode.swift; path = KSOStaticDataStructures.swift; sourceTree = "<group>"; };
		16ED9DAB20C34730005BF4E1 /* KSOStaticData.swift */ = {isa = PBXFileReference; lastKnownFileType = sourcecode.swift; path = KSOStaticData.swift; sourceTree = "<group>"; };
		188CDABD5EC2509FD5EB333C /* Pods_KidsSaveOceanUITests.framework */ = {isa = PBXFileReference; explicitFileType = wrapper.framework; includeInIndex = 0; path = Pods_KidsSaveOceanUITests.framework; sourceTree = BUILT_PRODUCTS_DIR; };
		4ECC16072F43E73465244A56 /* Pods-KidsSaveOcean.release.xcconfig */ = {isa = PBXFileReference; includeInIndex = 1; lastKnownFileType = text.xcconfig; name = "Pods-KidsSaveOcean.release.xcconfig"; path = "Target Support Files/Pods-KidsSaveOcean/Pods-KidsSaveOcean.release.xcconfig"; sourceTree = "<group>"; };
		601C7F97CBFA2DC03E9A0D60 /* Pods-KidsSaveOcean.debug.xcconfig */ = {isa = PBXFileReference; includeInIndex = 1; lastKnownFileType = text.xcconfig; name = "Pods-KidsSaveOcean.debug.xcconfig"; path = "Target Support Files/Pods-KidsSaveOcean/Pods-KidsSaveOcean.debug.xcconfig"; sourceTree = "<group>"; };
		6914C3C0778B663652C3BF7C /* Pods-KidsSaveOceanUITests.debug.xcconfig */ = {isa = PBXFileReference; includeInIndex = 1; lastKnownFileType = text.xcconfig; name = "Pods-KidsSaveOceanUITests.debug.xcconfig"; path = "Target Support Files/Pods-KidsSaveOceanUITests/Pods-KidsSaveOceanUITests.debug.xcconfig"; sourceTree = "<group>"; };
		7C00FFB921185B7000320309 /* CountryContactsViewController.swift */ = {isa = PBXFileReference; lastKnownFileType = sourcecode.swift; path = CountryContactsViewController.swift; sourceTree = "<group>"; };
		7C0B1CD322232BE40033F251 /* GoogleService-Info.plist */ = {isa = PBXFileReference; fileEncoding = 4; lastKnownFileType = text.plist.xml; path = "GoogleService-Info.plist"; sourceTree = "<group>"; };
		7C0B1CD622232EC50033F251 /* CountriesService.swift */ = {isa = PBXFileReference; lastKnownFileType = sourcecode.swift; path = CountriesService.swift; sourceTree = "<group>"; };
		7C2B9A6E21188EEB00977E21 /* CountryContactsViewModel.swift */ = {isa = PBXFileReference; lastKnownFileType = sourcecode.swift; path = CountryContactsViewModel.swift; sourceTree = "<group>"; };
		7C312FD72118DFE5008CEDDA /* ContactDetailsViewController.swift */ = {isa = PBXFileReference; lastKnownFileType = sourcecode.swift; path = ContactDetailsViewController.swift; sourceTree = "<group>"; };
		7C4AF9A7233A8440006A8566 /* TrackTableViewCell.swift */ = {isa = PBXFileReference; lastKnownFileType = sourcecode.swift; path = TrackTableViewCell.swift; sourceTree = "<group>"; };
		7C4BAB9D211C94B00038BAF2 /* CountryContact.swift */ = {isa = PBXFileReference; lastKnownFileType = sourcecode.swift; path = CountryContact.swift; sourceTree = "<group>"; };
		7C7BBAC421B864B100C48D4E /* LetterTrackerViewController.swift */ = {isa = PBXFileReference; lastKnownFileType = sourcecode.swift; path = LetterTrackerViewController.swift; sourceTree = "<group>"; };
		7C9891622331264C00400CC5 /* YouthInitiativeProcessViewController.swift */ = {isa = PBXFileReference; lastKnownFileType = sourcecode.swift; path = YouthInitiativeProcessViewController.swift; sourceTree = "<group>"; };
		7C9891642331274800400CC5 /* Follow7StepsViewController.swift */ = {isa = PBXFileReference; lastKnownFileType = sourcecode.swift; path = Follow7StepsViewController.swift; sourceTree = "<group>"; };
		7C989166233127A800400CC5 /* VoteNowViewController.swift */ = {isa = PBXFileReference; lastKnownFileType = sourcecode.swift; path = VoteNowViewController.swift; sourceTree = "<group>"; };
		7C9891682331280800400CC5 /* SignUpUpdateViewController.swift */ = {isa = PBXFileReference; lastKnownFileType = sourcecode.swift; path = SignUpUpdateViewController.swift; sourceTree = "<group>"; };
		7C98916A2331285100400CC5 /* MultiplympactViewController.swift */ = {isa = PBXFileReference; lastKnownFileType = sourcecode.swift; path = MultiplympactViewController.swift; sourceTree = "<group>"; };
		7C98916C2331289700400CC5 /* TrackTheHijackViewController.swift */ = {isa = PBXFileReference; lastKnownFileType = sourcecode.swift; path = TrackTheHijackViewController.swift; sourceTree = "<group>"; };
		7CB3FF5A232FF8F000415D75 /* CreateNewEnvironmentPolicyViewController.swift */ = {isa = PBXFileReference; lastKnownFileType = sourcecode.swift; path = CreateNewEnvironmentPolicyViewController.swift; sourceTree = "<group>"; };
		7CB3FF5C232FF9E300415D75 /* CreateNewEnvironmentPolicyViewController.storyboard */ = {isa = PBXFileReference; lastKnownFileType = file.storyboard; path = CreateNewEnvironmentPolicyViewController.storyboard; sourceTree = "<group>"; };
		7CB51D37233A901D0014094C /* StepsTableViewCell.swift */ = {isa = PBXFileReference; lastKnownFileType = sourcecode.swift; path = StepsTableViewCell.swift; sourceTree = "<group>"; };
		7CE89F9021A1FF5100C2D6DA /* SF-Pro-Text-Semibold.otf */ = {isa = PBXFileReference; lastKnownFileType = file; path = "SF-Pro-Text-Semibold.otf"; sourceTree = "<group>"; };
		7CE89F9121A1FF5100C2D6DA /* SF-Pro-Display-Semibold.otf */ = {isa = PBXFileReference; lastKnownFileType = file; path = "SF-Pro-Display-Semibold.otf"; sourceTree = "<group>"; };
		7CE89F9421A2005E00C2D6DA /* SF-Pro-Text-Regular.otf */ = {isa = PBXFileReference; lastKnownFileType = file; path = "SF-Pro-Text-Regular.otf"; sourceTree = "<group>"; };
		7CFF7BE12339455E00C7081E /* EnvironmentTableViewCell.swift */ = {isa = PBXFileReference; lastKnownFileType = sourcecode.swift; path = EnvironmentTableViewCell.swift; sourceTree = "<group>"; };
		945A089020F643EB006ED13D /* MapViewController.swift */ = {isa = PBXFileReference; lastKnownFileType = sourcecode.swift; path = MapViewController.swift; sourceTree = "<group>"; };
		945A089220F64520006ED13D /* KSOPinOfLetters.swift */ = {isa = PBXFileReference; fileEncoding = 4; lastKnownFileType = sourcecode.swift; path = KSOPinOfLetters.swift; sourceTree = "<group>"; };
		946847D82139E299007A1158 /* KSOCustomMapPin.swift */ = {isa = PBXFileReference; lastKnownFileType = sourcecode.swift; path = KSOCustomMapPin.swift; sourceTree = "<group>"; };
		998C89941F10610428F33BD9 /* Pods-KidsSaveOceanUITests.release.xcconfig */ = {isa = PBXFileReference; includeInIndex = 1; lastKnownFileType = text.xcconfig; name = "Pods-KidsSaveOceanUITests.release.xcconfig"; path = "Target Support Files/Pods-KidsSaveOceanUITests/Pods-KidsSaveOceanUITests.release.xcconfig"; sourceTree = "<group>"; };
		9BE9EDF84547614BBD872B31 /* Pods_KidsSaveOceanTests.framework */ = {isa = PBXFileReference; explicitFileType = wrapper.framework; includeInIndex = 0; path = Pods_KidsSaveOceanTests.framework; sourceTree = BUILT_PRODUCTS_DIR; };
		C55E06FF214EEAB9009B7BD6 /* CGFloat+Extentions.swift */ = {isa = PBXFileReference; lastKnownFileType = sourcecode.swift; path = "CGFloat+Extentions.swift"; sourceTree = "<group>"; };
		C55E0701214EF0ED009B7BD6 /* KSOMapTop10TableViewCell.swift */ = {isa = PBXFileReference; lastKnownFileType = sourcecode.swift; path = KSOMapTop10TableViewCell.swift; sourceTree = "<group>"; };
		C55E0702214EF0ED009B7BD6 /* KSOMapTop10TableViewCell.xib */ = {isa = PBXFileReference; lastKnownFileType = file.xib; path = KSOMapTop10TableViewCell.xib; sourceTree = "<group>"; };
		DD4C9487DF28835753C98C29 /* Pods-KidsSaveOceanTests.debug.xcconfig */ = {isa = PBXFileReference; includeInIndex = 1; lastKnownFileType = text.xcconfig; name = "Pods-KidsSaveOceanTests.debug.xcconfig"; path = "Target Support Files/Pods-KidsSaveOceanTests/Pods-KidsSaveOceanTests.debug.xcconfig"; sourceTree = "<group>"; };
		E5CCBD1C7FF8B85758105725 /* Pods-KidsSaveOceanTests.release.xcconfig */ = {isa = PBXFileReference; includeInIndex = 1; lastKnownFileType = text.xcconfig; name = "Pods-KidsSaveOceanTests.release.xcconfig"; path = "Target Support Files/Pods-KidsSaveOceanTests/Pods-KidsSaveOceanTests.release.xcconfig"; sourceTree = "<group>"; };
/* End PBXFileReference section */

/* Begin PBXFrameworksBuildPhase section */
		16559BC920ADF9D5002D4F78 /* Frameworks */ = {
			isa = PBXFrameworksBuildPhase;
			buildActionMask = 2147483647;
			files = (
				55A9694322ABEF12EE3CB99E /* Pods_KidsSaveOcean.framework in Frameworks */,
			);
			runOnlyForDeploymentPostprocessing = 0;
		};
		16559BDF20ADF9D5002D4F78 /* Frameworks */ = {
			isa = PBXFrameworksBuildPhase;
			buildActionMask = 2147483647;
			files = (
				3836065AA4051485D34E13DD /* Pods_KidsSaveOceanTests.framework in Frameworks */,
			);
			runOnlyForDeploymentPostprocessing = 0;
		};
		16559BEA20ADF9D6002D4F78 /* Frameworks */ = {
			isa = PBXFrameworksBuildPhase;
			buildActionMask = 2147483647;
			files = (
				AF0733B174CB6B38D278E954 /* Pods_KidsSaveOceanUITests.framework in Frameworks */,
			);
			runOnlyForDeploymentPostprocessing = 0;
		};
/* End PBXFrameworksBuildPhase section */

/* Begin PBXGroup section */
		163F23A220FCFC3800022B38 /* Home */ = {
			isa = PBXGroup;
			children = (
				16768110215AD41D00EE4E1F /* HomeTableViewController.swift */,
				164F14ED21F690CA00823FF3 /* Home TableView Cells */,
			);
			path = Home;
			sourceTree = "<group>";
		};
		164D7300234B4B820080ACB7 /* HijackPolicy */ = {
			isa = PBXGroup;
			children = (
				164D730B234BA25D0080ACB7 /* Campaign */,
				164D7309234BA2440080ACB7 /* Policies */,
				164D730A234BA24E0080ACB7 /* Location */,
			);
			path = HijackPolicy;
			sourceTree = "<group>";
		};
		164D7309234BA2440080ACB7 /* Policies */ = {
			isa = PBXGroup;
			children = (
				164D7301234B4BA00080ACB7 /* HijackPoliciesViewModel.swift */,
				164D7305234B9E6A0080ACB7 /* HijackPolicy.swift */,
			);
			path = Policies;
			sourceTree = "<group>";
		};
		164D730A234BA24E0080ACB7 /* Location */ = {
			isa = PBXGroup;
			children = (
				164D7303234B548D0080ACB7 /* HijackPLocationViewModel.swift */,
				164D7307234BA1FB0080ACB7 /* HijackLocation.swift */,
			);
			path = Location;
			sourceTree = "<group>";
		};
		164D730B234BA25D0080ACB7 /* Campaign */ = {
			isa = PBXGroup;
			children = (
				164D7310234BA56F0080ACB7 /* CampaignViewModel.swift */,
				164D730E234BA39D0080ACB7 /* Campaign.swift */,
				16129FF3237464DE00E677B3 /* CampaignSignatures.swift */,
			);
			path = Campaign;
			sourceTree = "<group>";
		};
		164D8B0D20C6BC170067EE52 /* Resources */ = {
			isa = PBXGroup;
			children = (
				1617111021E25B5300BE9B2E /* ResourcesViewController.swift */,
			);
			path = Resources;
			sourceTree = "<group>";
		};
		164F14E621F68B1C00823FF3 /* StartPages */ = {
			isa = PBXGroup;
			children = (
				163F239E20F694FE00022B38 /* KSOStartPageViewController.swift */,
			);
			path = StartPages;
			sourceTree = "<group>";
		};
		164F14EC21F6900900823FF3 /* OnBoarding */ = {
			isa = PBXGroup;
			children = (
				164F14E921F68BD400823FF3 /* Onboarding.storyboard */,
				16B2A6CC20BC8ADA008E24B2 /* User Type */,
				164F14E621F68B1C00823FF3 /* StartPages */,
			);
			path = OnBoarding;
			sourceTree = "<group>";
		};
		164F14ED21F690CA00823FF3 /* Home TableView Cells */ = {
			isa = PBXGroup;
			children = (
				16768112215AD71100EE4E1F /* HomeTableViewCell.swift */,
				164F14F921F6919A00823FF3 /* HomeTableViewCell.xib */,
				164F14F321F6914D00823FF3 /* HomeScoreTableViewCell.xib */,
				163D20352170F12200069294 /* HomeScoreTableViewCell.swift */,
				16D4C28022C3E5A2006DBC64 /* HomeTableViewCellProtocol.swift */,
			);
			path = "Home TableView Cells";
			sourceTree = "<group>";
		};
		16559BC320ADF9D5002D4F78 = {
			isa = PBXGroup;
			children = (
				16559BCE20ADF9D5002D4F78 /* KidsSaveOcean */,
				16559BE520ADF9D5002D4F78 /* KidsSaveOceanTests */,
				16559BF020ADF9D6002D4F78 /* KidsSaveOceanUITests */,
				16559BCD20ADF9D5002D4F78 /* Products */,
				16D54E8920FE69D0003F5113 /* Recovered References */,
				887A4DDCFD5890F63C59486A /* Pods */,
				933E9D57CBD16D1650A9F6B9 /* Frameworks */,
			);
			sourceTree = "<group>";
		};
		16559BCD20ADF9D5002D4F78 /* Products */ = {
			isa = PBXGroup;
			children = (
				16559BCC20ADF9D5002D4F78 /* KidsSaveOcean.app */,
				16559BE220ADF9D5002D4F78 /* KidsSaveOceanTests.xctest */,
				16559BED20ADF9D6002D4F78 /* KidsSaveOceanUITests.xctest */,
			);
			name = Products;
			sourceTree = "<group>";
		};
		16559BCE20ADF9D5002D4F78 /* KidsSaveOcean */ = {
			isa = PBXGroup;
			children = (
				16B5203322A956F000E41F7D /* KidsSaveOcean.entitlements */,
				16559BCF20ADF9D5002D4F78 /* AppDelegate.swift */,
				7C0B1CCD2223141D0033F251 /* Utils */,
				16CF5A2920AF1E6200C4E57E /* Extentions */,
				16CF5A2820AF1E5600C4E57E /* ViewModel */,
				16CF5A2620AF1E4100C4E57E /* Views */,
				16559BD520ADF9D5002D4F78 /* Main.storyboard */,
				1679B06D21EA29E100C15F2A /* knobClick.mp3 */,
				7C0B1CD322232BE40033F251 /* GoogleService-Info.plist */,
				16559BD820ADF9D5002D4F78 /* Assets.xcassets */,
				7CE89F9221A1FF5B00C2D6DA /* Supporting Files */,
				16559BDA20ADF9D5002D4F78 /* LaunchScreen.storyboard */,
				16559BDD20ADF9D5002D4F78 /* Info.plist */,
			);
			path = KidsSaveOcean;
			sourceTree = "<group>";
		};
		16559BE520ADF9D5002D4F78 /* KidsSaveOceanTests */ = {
			isa = PBXGroup;
			children = (
				16559BE620ADF9D5002D4F78 /* KidsSaveOceanTests.swift */,
				16559BE820ADF9D5002D4F78 /* Info.plist */,
			);
			path = KidsSaveOceanTests;
			sourceTree = "<group>";
		};
		16559BF020ADF9D6002D4F78 /* KidsSaveOceanUITests */ = {
			isa = PBXGroup;
			children = (
				16559BF120ADF9D6002D4F78 /* KidsSaveOceanUITests.swift */,
				16559BF320ADF9D6002D4F78 /* Info.plist */,
			);
			path = KidsSaveOceanUITests;
			sourceTree = "<group>";
		};
		1678F49022E3A80D00100FB1 /* Dashboard */ = {
			isa = PBXGroup;
			children = (
				16573D3621F7C70900332FFF /* Dashboard.storyboard */,
				1679B06921E935D100C15F2A /* DashboardViewController.swift */,
				164E6E2121EB785A00DEB99C /* DashboardTopIcon.swift */,
			);
			path = Dashboard;
			sourceTree = "<group>";
		};
		1678F49122E3A82300100FB1 /* Action Alert */ = {
			isa = PBXGroup;
			children = (
				166F684C22C121860063C68B /* ActionAlertButton.swift */,
				168F9D57223DDEEA000A432D /* AlertActionDashboardViewController.swift */,
				163A07E322C96F88006097E1 /* ShowLinkWithClearNotificatinStatusViewController.swift */,
			);
			path = "Action Alert";
			sourceTree = "<group>";
		};
		1678F49222E3A84200100FB1 /* HowTo */ = {
			isa = PBXGroup;
			children = (
				1603778E2247C6BA008123BF /* ToolsWithTeethViewController.swift */,
				16ECE46F2299F11D0099C406 /* PolicyViewController.swift */,
				16664B1522C4149D00F332A7 /* ActivistViewContoller.swift */,
				169D6CF122D73629008073DF /* WriteToWhereViewController.swift */,
			);
			path = HowTo;
			sourceTree = "<group>";
		};
		1679B06821E935A400C15F2A /* Dashboard */ = {
			isa = PBXGroup;
			children = (
				1678F49022E3A80D00100FB1 /* Dashboard */,
				1678F49122E3A82300100FB1 /* Action Alert */,
				1678F49222E3A84200100FB1 /* HowTo */,
			);
			path = Dashboard;
			sourceTree = "<group>";
		};
		168F9D52223D4543000A432D /* Web View */ = {
			isa = PBXGroup;
			children = (
				16EA5FCF220CD62A00DE062E /* WebIntegrationViewController.swift */,
			);
			path = "Web View";
			sourceTree = "<group>";
		};
		16B2A6CC20BC8ADA008E24B2 /* User Type */ = {
			isa = PBXGroup;
			children = (
				163416FD215976E200C98646 /* UserTypeTableViewController.swift */,
				163416FF2159772D00C98646 /* UserTypeTableViewCell.swift */,
				16EA5FD1220CDB7B00DE062E /* UserTypeVideoViewController.swift */,
			);
			path = "User Type";
			sourceTree = "<group>";
		};
		16BA0A39229027B500E36F25 /* UserId */ = {
			isa = PBXGroup;
			children = (
				16BA0A3B229027F100E36F25 /* UserViewModel.swift */,
				16BA0A3D2290281A00E36F25 /* User.swift */,
			);
			path = UserId;
			sourceTree = "<group>";
		};
		16C7E61B228DA7F800B30B52 /* Auth */ = {
			isa = PBXGroup;
			children = (
				1638882D228DD6080084D8CA /* KSOAuthorization.swift */,
			);
			path = Auth;
			sourceTree = "<group>";
		};
		16CF5A2620AF1E4100C4E57E /* Views */ = {
			isa = PBXGroup;
			children = (
				7C6F5777232FF71900AE31B5 /* New Policy */,
				1668C08320C8503500E17DAF /* KSOTabViewController.swift */,
				168F9D52223D4543000A432D /* Web View */,
				1679B06821E935A400C15F2A /* Dashboard */,
				163F23A220FCFC3800022B38 /* Home */,
				945A088F20F64355006ED13D /* Map */,
				94C2BCE920C8B03E0067C6A4 /* Media */,
				164D8B0D20C6BC170067EE52 /* Resources */,
				164F14EC21F6900900823FF3 /* OnBoarding */,
			);
			path = Views;
			sourceTree = "<group>";
		};
		16CF5A2820AF1E5600C4E57E /* ViewModel */ = {
			isa = PBXGroup;
			children = (
				164D7300234B4B820080ACB7 /* HijackPolicy */,
				16BA0A39229027B500E36F25 /* UserId */,
				7C0B1CD522232E9C0033F251 /* CountriesService */,
				16ED9DA920C343DB005BF4E1 /* KSOStaticDataStructures.swift */,
				16ED9DAB20C34730005BF4E1 /* KSOStaticData.swift */,
			);
			path = ViewModel;
			sourceTree = "<group>";
		};
		16CF5A2920AF1E6200C4E57E /* Extentions */ = {
			isa = PBXGroup;
			children = (
				1666720320B6E2AB0098C5FC /* UIView+Extentions.swift */,
				162602152373193D007B392D /* UINavigationController+Extention.swift */,
				16680E0D215A96EB00054CBC /* UIFont+Extentions.swift */,
				165FBFA120DB565500DB556F /* UIColor+Extentions.swift */,
				165FBFA320DB567900DB556F /* UIImage+Extentions.swift */,
				163F23A020F7FC1C00022B38 /* UIButton+Extentions.swift */,
				C55E06FF214EEAB9009B7BD6 /* CGFloat+Extentions.swift */,
				161D41AA21EF614E0061B5A7 /* NSLayoutConstraint+Extentions.swift */,
				16649E9120FEC72B000BCB48 /* Notification+Extentions.swift */,
				16080B1D2327F7B6008F0AEF /* KSODidButton.swift */,
				163AA0882373731700E9C65E /* ViewController+ExtentionViewController.swift */,
			);
			path = Extentions;
			sourceTree = "<group>";
		};
		16D4C27A22C15518006DBC64 /* Notifications */ = {
			isa = PBXGroup;
			children = (
				16D4C27B22C1552F006DBC64 /* NotificationController.swift */,
				16D4C28422C3FE10006DBC64 /* NotificationBadgeProtocol.swift */,
				16D4C28222C3FDBE006DBC64 /* NotificationProtocol.swift */,
				1679C90522E26D8D00BC1A89 /* NotificationItem.swift */,
				1679C90722E270B700BC1A89 /* NotificationTarget.swift */,
			);
			path = Notifications;
			sourceTree = "<group>";
		};
		16D54E8920FE69D0003F5113 /* Recovered References */ = {
			isa = PBXGroup;
			children = (
			);
			name = "Recovered References";
			sourceTree = "<group>";
		};
		7C0B1CCD2223141D0033F251 /* Utils */ = {
			isa = PBXGroup;
			children = (
				16CF1A182389F9BB001D099D /* ShareKidsSaveOcean.swift */,
				16D4C27D22C157AC006DBC64 /* Instantiatable.swift */,
				16D4C27A22C15518006DBC64 /* Notifications */,
				162572D322E37DEF00A702C4 /* UserDefaultsHelper.swift */,
				16C7E61B228DA7F800B30B52 /* Auth */,
			);
			path = Utils;
			sourceTree = "<group>";
		};
		7C0B1CD522232E9C0033F251 /* CountriesService */ = {
			isa = PBXGroup;
			children = (
				7C0B1CD622232EC50033F251 /* CountriesService.swift */,
				161A0C1122B291DC0047DD40 /* LocationService.swift */,
				7C4BAB9D211C94B00038BAF2 /* CountryContact.swift */,
			);
			path = CountriesService;
			sourceTree = "<group>";
		};
		7C6F5777232FF71900AE31B5 /* New Policy */ = {
			isa = PBXGroup;
			children = (
				7CB3FF5A232FF8F000415D75 /* CreateNewEnvironmentPolicyViewController.swift */,
				7CB3FF5C232FF9E300415D75 /* CreateNewEnvironmentPolicyViewController.storyboard */,
				7C9891622331264C00400CC5 /* YouthInitiativeProcessViewController.swift */,
				7C9891642331274800400CC5 /* Follow7StepsViewController.swift */,
				7C989166233127A800400CC5 /* VoteNowViewController.swift */,
				7C9891682331280800400CC5 /* SignUpUpdateViewController.swift */,
				7C98916A2331285100400CC5 /* MultiplympactViewController.swift */,
				7C98916C2331289700400CC5 /* TrackTheHijackViewController.swift */,
				7CFF7BE12339455E00C7081E /* EnvironmentTableViewCell.swift */,
				7C4AF9A7233A8440006A8566 /* TrackTableViewCell.swift */,
				7CB51D37233A901D0014094C /* StepsTableViewCell.swift */,
			);
			path = "New Policy";
			sourceTree = "<group>";
		};
		7C7BBAC721B864CF00C48D4E /* CountryContacts */ = {
			isa = PBXGroup;
			children = (
				7C7BBAC421B864B100C48D4E /* LetterTrackerViewController.swift */,
				7C00FFB921185B7000320309 /* CountryContactsViewController.swift */,
				7C2B9A6E21188EEB00977E21 /* CountryContactsViewModel.swift */,
				7C312FD72118DFE5008CEDDA /* ContactDetailsViewController.swift */,
			);
			path = CountryContacts;
			sourceTree = "<group>";
		};
		7CE89F9221A1FF5B00C2D6DA /* Supporting Files */ = {
			isa = PBXGroup;
			children = (
				7CE89F9321A1FF7500C2D6DA /* Fonts */,
			);
			path = "Supporting Files";
			sourceTree = "<group>";
		};
		7CE89F9321A1FF7500C2D6DA /* Fonts */ = {
			isa = PBXGroup;
			children = (
				7CE89F9421A2005E00C2D6DA /* SF-Pro-Text-Regular.otf */,
				7CE89F9121A1FF5100C2D6DA /* SF-Pro-Display-Semibold.otf */,
				7CE89F9021A1FF5100C2D6DA /* SF-Pro-Text-Semibold.otf */,
			);
			path = Fonts;
			sourceTree = "<group>";
		};
		887A4DDCFD5890F63C59486A /* Pods */ = {
			isa = PBXGroup;
			children = (
				601C7F97CBFA2DC03E9A0D60 /* Pods-KidsSaveOcean.debug.xcconfig */,
				4ECC16072F43E73465244A56 /* Pods-KidsSaveOcean.release.xcconfig */,
				DD4C9487DF28835753C98C29 /* Pods-KidsSaveOceanTests.debug.xcconfig */,
				E5CCBD1C7FF8B85758105725 /* Pods-KidsSaveOceanTests.release.xcconfig */,
				6914C3C0778B663652C3BF7C /* Pods-KidsSaveOceanUITests.debug.xcconfig */,
				998C89941F10610428F33BD9 /* Pods-KidsSaveOceanUITests.release.xcconfig */,
			);
			path = Pods;
			sourceTree = "<group>";
		};
		933E9D57CBD16D1650A9F6B9 /* Frameworks */ = {
			isa = PBXGroup;
			children = (
				0D4A7B094B39EBB0F76DA0F1 /* Pods_KidsSaveOcean.framework */,
				9BE9EDF84547614BBD872B31 /* Pods_KidsSaveOceanTests.framework */,
				188CDABD5EC2509FD5EB333C /* Pods_KidsSaveOceanUITests.framework */,
			);
			name = Frameworks;
			sourceTree = "<group>";
		};
		945A088F20F64355006ED13D /* Map */ = {
			isa = PBXGroup;
			children = (
				7C7BBAC721B864CF00C48D4E /* CountryContacts */,
				945A089020F643EB006ED13D /* MapViewController.swift */,
				945A089220F64520006ED13D /* KSOPinOfLetters.swift */,
				946847D82139E299007A1158 /* KSOCustomMapPin.swift */,
				C55E06FA214EE222009B7BD6 /* cells */,
			);
			path = Map;
			sourceTree = "<group>";
		};
		94C2BCE920C8B03E0067C6A4 /* Media */ = {
			isa = PBXGroup;
			children = (
				16EA5FCD220CD5AD00DE062E /* MediaViewController.swift */,
			);
			path = Media;
			sourceTree = "<group>";
		};
		C55E06FA214EE222009B7BD6 /* cells */ = {
			isa = PBXGroup;
			children = (
				C55E0701214EF0ED009B7BD6 /* KSOMapTop10TableViewCell.swift */,
				C55E0702214EF0ED009B7BD6 /* KSOMapTop10TableViewCell.xib */,
			);
			path = cells;
			sourceTree = "<group>";
		};
/* End PBXGroup section */

/* Begin PBXNativeTarget section */
		16559BCB20ADF9D5002D4F78 /* KidsSaveOcean */ = {
			isa = PBXNativeTarget;
			buildConfigurationList = 16559BF620ADF9D6002D4F78 /* Build configuration list for PBXNativeTarget "KidsSaveOcean" */;
			buildPhases = (
				9E3E84AAFF64D88D1D15B2DB /* [CP] Check Pods Manifest.lock */,
				16559BC820ADF9D5002D4F78 /* Sources */,
				16559BC920ADF9D5002D4F78 /* Frameworks */,
				16559BCA20ADF9D5002D4F78 /* Resources */,
				169DA531229F65EF00A58E9B /* ShellScript */,
				95946D3053AE223160E760F4 /* [CP] Embed Pods Frameworks */,
			);
			buildRules = (
			);
			dependencies = (
			);
			name = KidsSaveOcean;
			productName = KidsSaveOcean;
			productReference = 16559BCC20ADF9D5002D4F78 /* KidsSaveOcean.app */;
			productType = "com.apple.product-type.application";
		};
		16559BE120ADF9D5002D4F78 /* KidsSaveOceanTests */ = {
			isa = PBXNativeTarget;
			buildConfigurationList = 16559BF920ADF9D6002D4F78 /* Build configuration list for PBXNativeTarget "KidsSaveOceanTests" */;
			buildPhases = (
				62302D8EC27116DCB7E52503 /* [CP] Check Pods Manifest.lock */,
				16559BDE20ADF9D5002D4F78 /* Sources */,
				16559BDF20ADF9D5002D4F78 /* Frameworks */,
				16559BE020ADF9D5002D4F78 /* Resources */,
			);
			buildRules = (
			);
			dependencies = (
				16559BE420ADF9D5002D4F78 /* PBXTargetDependency */,
			);
			name = KidsSaveOceanTests;
			productName = KidsSaveOceanTests;
			productReference = 16559BE220ADF9D5002D4F78 /* KidsSaveOceanTests.xctest */;
			productType = "com.apple.product-type.bundle.unit-test";
		};
		16559BEC20ADF9D6002D4F78 /* KidsSaveOceanUITests */ = {
			isa = PBXNativeTarget;
			buildConfigurationList = 16559BFC20ADF9D6002D4F78 /* Build configuration list for PBXNativeTarget "KidsSaveOceanUITests" */;
			buildPhases = (
				0315F2E95393003ED3FB3762 /* [CP] Check Pods Manifest.lock */,
				16559BE920ADF9D6002D4F78 /* Sources */,
				16559BEA20ADF9D6002D4F78 /* Frameworks */,
				16559BEB20ADF9D6002D4F78 /* Resources */,
			);
			buildRules = (
			);
			dependencies = (
				16559BEF20ADF9D6002D4F78 /* PBXTargetDependency */,
			);
			name = KidsSaveOceanUITests;
			productName = KidsSaveOceanUITests;
			productReference = 16559BED20ADF9D6002D4F78 /* KidsSaveOceanUITests.xctest */;
			productType = "com.apple.product-type.bundle.ui-testing";
		};
/* End PBXNativeTarget section */

/* Begin PBXProject section */
		16559BC420ADF9D5002D4F78 /* Project object */ = {
			isa = PBXProject;
			attributes = {
				LastSwiftUpdateCheck = 0920;
				LastUpgradeCheck = 0920;
				ORGANIZATIONNAME = KidsSaveOcean;
				TargetAttributes = {
					16559BCB20ADF9D5002D4F78 = {
						CreatedOnToolsVersion = 9.2;
						LastSwiftMigration = 1010;
						ProvisioningStyle = Automatic;
						SystemCapabilities = {
							com.apple.BackgroundModes = {
								enabled = 1;
							};
							com.apple.Push = {
								enabled = 1;
							};
						};
					};
					16559BE120ADF9D5002D4F78 = {
						CreatedOnToolsVersion = 9.2;
						LastSwiftMigration = 1010;
						ProvisioningStyle = Automatic;
						TestTargetID = 16559BCB20ADF9D5002D4F78;
					};
					16559BEC20ADF9D6002D4F78 = {
						CreatedOnToolsVersion = 9.2;
						LastSwiftMigration = 1010;
						ProvisioningStyle = Automatic;
						TestTargetID = 16559BCB20ADF9D5002D4F78;
					};
				};
			};
			buildConfigurationList = 16559BC720ADF9D5002D4F78 /* Build configuration list for PBXProject "KidsSaveOcean" */;
			compatibilityVersion = "Xcode 8.0";
			developmentRegion = en;
			hasScannedForEncodings = 0;
			knownRegions = (
				en,
				Base,
			);
			mainGroup = 16559BC320ADF9D5002D4F78;
			productRefGroup = 16559BCD20ADF9D5002D4F78 /* Products */;
			projectDirPath = "";
			projectRoot = "";
			targets = (
				16559BCB20ADF9D5002D4F78 /* KidsSaveOcean */,
				16559BE120ADF9D5002D4F78 /* KidsSaveOceanTests */,
				16559BEC20ADF9D6002D4F78 /* KidsSaveOceanUITests */,
			);
		};
/* End PBXProject section */

/* Begin PBXResourcesBuildPhase section */
		16559BCA20ADF9D5002D4F78 /* Resources */ = {
			isa = PBXResourcesBuildPhase;
			buildActionMask = 2147483647;
			files = (
				16CF1A162382377B001D099D /* SF-Pro-Display-Semibold.otf in Resources */,
				164F14FB21F6919A00823FF3 /* HomeTableViewCell.xib in Resources */,
				164F14EA21F68BD400823FF3 /* Onboarding.storyboard in Resources */,
				7C0B1CD422232BE40033F251 /* GoogleService-Info.plist in Resources */,
				16573D3721F7C70900332FFF /* Dashboard.storyboard in Resources */,
				16559BDC20ADF9D5002D4F78 /* LaunchScreen.storyboard in Resources */,
				16CF1A172382377E001D099D /* SF-Pro-Text-Semibold.otf in Resources */,
				1679B06E21EA29E200C15F2A /* knobClick.mp3 in Resources */,
				16559BD920ADF9D5002D4F78 /* Assets.xcassets in Resources */,
				7CE89F9521A2005F00C2D6DA /* SF-Pro-Text-Regular.otf in Resources */,
				164F14F521F6914D00823FF3 /* HomeScoreTableViewCell.xib in Resources */,
				16559BD720ADF9D5002D4F78 /* Main.storyboard in Resources */,
				C55E0704214EF0ED009B7BD6 /* KSOMapTop10TableViewCell.xib in Resources */,
				7CB3FF5D232FF9E300415D75 /* CreateNewEnvironmentPolicyViewController.storyboard in Resources */,
			);
			runOnlyForDeploymentPostprocessing = 0;
		};
		16559BE020ADF9D5002D4F78 /* Resources */ = {
			isa = PBXResourcesBuildPhase;
			buildActionMask = 2147483647;
			files = (
			);
			runOnlyForDeploymentPostprocessing = 0;
		};
		16559BEB20ADF9D6002D4F78 /* Resources */ = {
			isa = PBXResourcesBuildPhase;
			buildActionMask = 2147483647;
			files = (
			);
			runOnlyForDeploymentPostprocessing = 0;
		};
/* End PBXResourcesBuildPhase section */

/* Begin PBXShellScriptBuildPhase section */
		0315F2E95393003ED3FB3762 /* [CP] Check Pods Manifest.lock */ = {
			isa = PBXShellScriptBuildPhase;
			buildActionMask = 2147483647;
			files = (
			);
			inputFileListPaths = (
			);
			inputPaths = (
				"${PODS_PODFILE_DIR_PATH}/Podfile.lock",
				"${PODS_ROOT}/Manifest.lock",
			);
			name = "[CP] Check Pods Manifest.lock";
			outputFileListPaths = (
			);
			outputPaths = (
				"$(DERIVED_FILE_DIR)/Pods-KidsSaveOceanUITests-checkManifestLockResult.txt",
			);
			runOnlyForDeploymentPostprocessing = 0;
			shellPath = /bin/sh;
			shellScript = "diff \"${PODS_PODFILE_DIR_PATH}/Podfile.lock\" \"${PODS_ROOT}/Manifest.lock\" > /dev/null\nif [ $? != 0 ] ; then\n    # print error to STDERR\n    echo \"error: The sandbox is not in sync with the Podfile.lock. Run 'pod install' or update your CocoaPods installation.\" >&2\n    exit 1\nfi\n# This output is used by Xcode 'outputs' to avoid re-running this script phase.\necho \"SUCCESS\" > \"${SCRIPT_OUTPUT_FILE_0}\"\n";
			showEnvVarsInLog = 0;
		};
		169DA531229F65EF00A58E9B /* ShellScript */ = {
			isa = PBXShellScriptBuildPhase;
			buildActionMask = 2147483647;
			files = (
			);
			inputFileListPaths = (
			);
			inputPaths = (
			);
			outputFileListPaths = (
			);
			outputPaths = (
			);
			runOnlyForDeploymentPostprocessing = 0;
			shellPath = /bin/sh;
			shellScript = "# Type a script or drag a script file from your workspace to insert its path.\nif which swiftlint >/dev/null; then\n    swiftlint --config .swiftlint.yml\n    swiftlint autocorrect\nelse\n    echo \"warning: SwiftLint not installed, download from https://github.com/realm/SwiftLint\"\nfi\n";
		};
		62302D8EC27116DCB7E52503 /* [CP] Check Pods Manifest.lock */ = {
			isa = PBXShellScriptBuildPhase;
			buildActionMask = 2147483647;
			files = (
			);
			inputFileListPaths = (
			);
			inputPaths = (
				"${PODS_PODFILE_DIR_PATH}/Podfile.lock",
				"${PODS_ROOT}/Manifest.lock",
			);
			name = "[CP] Check Pods Manifest.lock";
			outputFileListPaths = (
			);
			outputPaths = (
				"$(DERIVED_FILE_DIR)/Pods-KidsSaveOceanTests-checkManifestLockResult.txt",
			);
			runOnlyForDeploymentPostprocessing = 0;
			shellPath = /bin/sh;
			shellScript = "diff \"${PODS_PODFILE_DIR_PATH}/Podfile.lock\" \"${PODS_ROOT}/Manifest.lock\" > /dev/null\nif [ $? != 0 ] ; then\n    # print error to STDERR\n    echo \"error: The sandbox is not in sync with the Podfile.lock. Run 'pod install' or update your CocoaPods installation.\" >&2\n    exit 1\nfi\n# This output is used by Xcode 'outputs' to avoid re-running this script phase.\necho \"SUCCESS\" > \"${SCRIPT_OUTPUT_FILE_0}\"\n";
			showEnvVarsInLog = 0;
		};
		95946D3053AE223160E760F4 /* [CP] Embed Pods Frameworks */ = {
			isa = PBXShellScriptBuildPhase;
			buildActionMask = 2147483647;
			files = (
			);
			inputFileListPaths = (
			);
			inputPaths = (
				"${PODS_ROOT}/Target Support Files/Pods-KidsSaveOcean/Pods-KidsSaveOcean-frameworks.sh",
				"${BUILT_PRODUCTS_DIR}/GTMSessionFetcher/GTMSessionFetcher.framework",
				"${BUILT_PRODUCTS_DIR}/GoogleUtilities/GoogleUtilities.framework",
				"${BUILT_PRODUCTS_DIR}/Protobuf/Protobuf.framework",
				"${BUILT_PRODUCTS_DIR}/ReachabilitySwift/Reachability.framework",
				"${BUILT_PRODUCTS_DIR}/SnapKit/SnapKit.framework",
				"${BUILT_PRODUCTS_DIR}/leveldb-library/leveldb.framework",
				"${BUILT_PRODUCTS_DIR}/nanopb/nanopb.framework",
			);
			name = "[CP] Embed Pods Frameworks";
			outputFileListPaths = (
			);
			outputPaths = (
				"${TARGET_BUILD_DIR}/${FRAMEWORKS_FOLDER_PATH}/GTMSessionFetcher.framework",
				"${TARGET_BUILD_DIR}/${FRAMEWORKS_FOLDER_PATH}/GoogleUtilities.framework",
				"${TARGET_BUILD_DIR}/${FRAMEWORKS_FOLDER_PATH}/Protobuf.framework",
				"${TARGET_BUILD_DIR}/${FRAMEWORKS_FOLDER_PATH}/Reachability.framework",
				"${TARGET_BUILD_DIR}/${FRAMEWORKS_FOLDER_PATH}/SnapKit.framework",
				"${TARGET_BUILD_DIR}/${FRAMEWORKS_FOLDER_PATH}/leveldb.framework",
				"${TARGET_BUILD_DIR}/${FRAMEWORKS_FOLDER_PATH}/nanopb.framework",
			);
			runOnlyForDeploymentPostprocessing = 0;
			shellPath = /bin/sh;
			shellScript = "\"${PODS_ROOT}/Target Support Files/Pods-KidsSaveOcean/Pods-KidsSaveOcean-frameworks.sh\"\n";
			showEnvVarsInLog = 0;
		};
		9E3E84AAFF64D88D1D15B2DB /* [CP] Check Pods Manifest.lock */ = {
			isa = PBXShellScriptBuildPhase;
			buildActionMask = 2147483647;
			files = (
			);
			inputFileListPaths = (
			);
			inputPaths = (
				"${PODS_PODFILE_DIR_PATH}/Podfile.lock",
				"${PODS_ROOT}/Manifest.lock",
			);
			name = "[CP] Check Pods Manifest.lock";
			outputFileListPaths = (
			);
			outputPaths = (
				"$(DERIVED_FILE_DIR)/Pods-KidsSaveOcean-checkManifestLockResult.txt",
			);
			runOnlyForDeploymentPostprocessing = 0;
			shellPath = /bin/sh;
			shellScript = "diff \"${PODS_PODFILE_DIR_PATH}/Podfile.lock\" \"${PODS_ROOT}/Manifest.lock\" > /dev/null\nif [ $? != 0 ] ; then\n    # print error to STDERR\n    echo \"error: The sandbox is not in sync with the Podfile.lock. Run 'pod install' or update your CocoaPods installation.\" >&2\n    exit 1\nfi\n# This output is used by Xcode 'outputs' to avoid re-running this script phase.\necho \"SUCCESS\" > \"${SCRIPT_OUTPUT_FILE_0}\"\n";
			showEnvVarsInLog = 0;
		};
/* End PBXShellScriptBuildPhase section */

/* Begin PBXSourcesBuildPhase section */
		16559BC820ADF9D5002D4F78 /* Sources */ = {
			isa = PBXSourcesBuildPhase;
			buildActionMask = 2147483647;
			files = (
				16ED9DAC20C34730005BF4E1 /* KSOStaticData.swift in Sources */,
				945A089320F64520006ED13D /* KSOPinOfLetters.swift in Sources */,
				163417012159772D00C98646 /* UserTypeTableViewCell.swift in Sources */,
				16BA0A3C229027F100E36F25 /* UserViewModel.swift in Sources */,
				16CF1A192389F9BB001D099D /* ShareKidsSaveOcean.swift in Sources */,
				7C00FFBA21185B7000320309 /* CountryContactsViewController.swift in Sources */,
				7CB51D38233A901D0014094C /* StepsTableViewCell.swift in Sources */,
				164D7308234BA1FB0080ACB7 /* HijackLocation.swift in Sources */,
				164D7306234B9E6A0080ACB7 /* HijackPolicy.swift in Sources */,
				161A0C1222B291DC0047DD40 /* LocationService.swift in Sources */,
				16D4C28322C3FDBE006DBC64 /* NotificationProtocol.swift in Sources */,
				16D4C28522C3FE10006DBC64 /* NotificationBadgeProtocol.swift in Sources */,
				7C98916B2331285100400CC5 /* MultiplympactViewController.swift in Sources */,
				7CFF7BE22339455E00C7081E /* EnvironmentTableViewCell.swift in Sources */,
				164D7302234B4BA00080ACB7 /* HijackPoliciesViewModel.swift in Sources */,
				7C4BAB9E211C94B00038BAF2 /* CountryContact.swift in Sources */,
				16129FF4237464DE00E677B3 /* CampaignSignatures.swift in Sources */,
				1679C90822E270B700BC1A89 /* NotificationTarget.swift in Sources */,
				7C9891632331264C00400CC5 /* YouthInitiativeProcessViewController.swift in Sources */,
				7C4AF9A8233A8440006A8566 /* TrackTableViewCell.swift in Sources */,
				165FBFA420DB567900DB556F /* UIImage+Extentions.swift in Sources */,
				163A07E422C96F88006097E1 /* ShowLinkWithClearNotificatinStatusViewController.swift in Sources */,
				162602162373193D007B392D /* UINavigationController+Extention.swift in Sources */,
				163416FE215976E200C98646 /* UserTypeTableViewController.swift in Sources */,
				946847D92139E299007A1158 /* KSOCustomMapPin.swift in Sources */,
				7C7BBAC521B864B100C48D4E /* LetterTrackerViewController.swift in Sources */,
				164D730F234BA39D0080ACB7 /* Campaign.swift in Sources */,
				163D20362170F12200069294 /* HomeScoreTableViewCell.swift in Sources */,
				16768111215AD41E00EE4E1F /* HomeTableViewController.swift in Sources */,
				7C2B9A6F21188EEB00977E21 /* CountryContactsViewModel.swift in Sources */,
				1638882E228DD6080084D8CA /* KSOAuthorization.swift in Sources */,
				1603778F2247C6BA008123BF /* ToolsWithTeethViewController.swift in Sources */,
				163F239F20F694FF00022B38 /* KSOStartPageViewController.swift in Sources */,
				7CB3FF5B232FF8F000415D75 /* CreateNewEnvironmentPolicyViewController.swift in Sources */,
				945A089120F643EB006ED13D /* MapViewController.swift in Sources */,
				16D4C27E22C157AD006DBC64 /* Instantiatable.swift in Sources */,
				16BA0A3E2290281A00E36F25 /* User.swift in Sources */,
				164D7304234B548D0080ACB7 /* HijackPLocationViewModel.swift in Sources */,
				7C9891652331274900400CC5 /* Follow7StepsViewController.swift in Sources */,
				C55E0700214EEAB9009B7BD6 /* CGFloat+Extentions.swift in Sources */,
				16ED9DAA20C343DB005BF4E1 /* KSOStaticDataStructures.swift in Sources */,
				16559BD020ADF9D5002D4F78 /* AppDelegate.swift in Sources */,
				161D41AB21EF614E0061B5A7 /* NSLayoutConstraint+Extentions.swift in Sources */,
				1666720420B6E2AB0098C5FC /* UIView+Extentions.swift in Sources */,
				163F23A120F7FC1C00022B38 /* UIButton+Extentions.swift in Sources */,
				16EA5FD2220CDB7B00DE062E /* UserTypeVideoViewController.swift in Sources */,
				16080B1E2327F7B6008F0AEF /* KSODidButton.swift in Sources */,
				169D6CF222D73629008073DF /* WriteToWhereViewController.swift in Sources */,
				16ECE4702299F11D0099C406 /* PolicyViewController.swift in Sources */,
				7C98916D2331289700400CC5 /* TrackTheHijackViewController.swift in Sources */,
				16EA5FD0220CD62A00DE062E /* WebIntegrationViewController.swift in Sources */,
				1679B06B21E935D100C15F2A /* DashboardViewController.swift in Sources */,
				166F684D22C121860063C68B /* ActionAlertButton.swift in Sources */,
				7C9891692331280800400CC5 /* SignUpUpdateViewController.swift in Sources */,
				16680E0E215A96EB00054CBC /* UIFont+Extentions.swift in Sources */,
				16D4C28122C3E5A2006DBC64 /* HomeTableViewCellProtocol.swift in Sources */,
				163AA0892373731700E9C65E /* ViewController+ExtentionViewController.swift in Sources */,
				16649E9220FEC72B000BCB48 /* Notification+Extentions.swift in Sources */,
				7C312FD82118DFE5008CEDDA /* ContactDetailsViewController.swift in Sources */,
				C55E0703214EF0ED009B7BD6 /* KSOMapTop10TableViewCell.swift in Sources */,
				165FBFA220DB565500DB556F /* UIColor+Extentions.swift in Sources */,
				164D7311234BA56F0080ACB7 /* CampaignViewModel.swift in Sources */,
				16768113215AD71100EE4E1F /* HomeTableViewCell.swift in Sources */,
				7C989167233127A800400CC5 /* VoteNowViewController.swift in Sources */,
				162572D422E37DEF00A702C4 /* UserDefaultsHelper.swift in Sources */,
				168F9D58223DDEEA000A432D /* AlertActionDashboardViewController.swift in Sources */,
				16D4C27C22C1552F006DBC64 /* NotificationController.swift in Sources */,
				16664B1622C4149D00F332A7 /* ActivistViewContoller.swift in Sources */,
				164E6E2221EB785A00DEB99C /* DashboardTopIcon.swift in Sources */,
				1617111121E25B5300BE9B2E /* ResourcesViewController.swift in Sources */,
				1668C08420C8503500E17DAF /* KSOTabViewController.swift in Sources */,
				7C0B1CD722232EC60033F251 /* CountriesService.swift in Sources */,
				16EA5FCE220CD5AD00DE062E /* MediaViewController.swift in Sources */,
				1679C90622E26D8D00BC1A89 /* NotificationItem.swift in Sources */,
			);
			runOnlyForDeploymentPostprocessing = 0;
		};
		16559BDE20ADF9D5002D4F78 /* Sources */ = {
			isa = PBXSourcesBuildPhase;
			buildActionMask = 2147483647;
			files = (
				16559BE720ADF9D5002D4F78 /* KidsSaveOceanTests.swift in Sources */,
			);
			runOnlyForDeploymentPostprocessing = 0;
		};
		16559BE920ADF9D6002D4F78 /* Sources */ = {
			isa = PBXSourcesBuildPhase;
			buildActionMask = 2147483647;
			files = (
				16559BF220ADF9D6002D4F78 /* KidsSaveOceanUITests.swift in Sources */,
			);
			runOnlyForDeploymentPostprocessing = 0;
		};
/* End PBXSourcesBuildPhase section */

/* Begin PBXTargetDependency section */
		16559BE420ADF9D5002D4F78 /* PBXTargetDependency */ = {
			isa = PBXTargetDependency;
			target = 16559BCB20ADF9D5002D4F78 /* KidsSaveOcean */;
			targetProxy = 16559BE320ADF9D5002D4F78 /* PBXContainerItemProxy */;
		};
		16559BEF20ADF9D6002D4F78 /* PBXTargetDependency */ = {
			isa = PBXTargetDependency;
			target = 16559BCB20ADF9D5002D4F78 /* KidsSaveOcean */;
			targetProxy = 16559BEE20ADF9D6002D4F78 /* PBXContainerItemProxy */;
		};
/* End PBXTargetDependency section */

/* Begin PBXVariantGroup section */
		16559BD520ADF9D5002D4F78 /* Main.storyboard */ = {
			isa = PBXVariantGroup;
			children = (
				16559BD620ADF9D5002D4F78 /* Base */,
			);
			name = Main.storyboard;
			sourceTree = "<group>";
		};
		16559BDA20ADF9D5002D4F78 /* LaunchScreen.storyboard */ = {
			isa = PBXVariantGroup;
			children = (
				16559BDB20ADF9D5002D4F78 /* Base */,
			);
			name = LaunchScreen.storyboard;
			sourceTree = "<group>";
		};
/* End PBXVariantGroup section */

/* Begin XCBuildConfiguration section */
		16559BF420ADF9D6002D4F78 /* Debug */ = {
			isa = XCBuildConfiguration;
			buildSettings = {
				ALWAYS_SEARCH_USER_PATHS = NO;
				CLANG_ANALYZER_NONNULL = YES;
				CLANG_ANALYZER_NUMBER_OBJECT_CONVERSION = YES_AGGRESSIVE;
				CLANG_CXX_LANGUAGE_STANDARD = "gnu++14";
				CLANG_CXX_LIBRARY = "libc++";
				CLANG_ENABLE_MODULES = YES;
				CLANG_ENABLE_OBJC_ARC = YES;
				CLANG_WARN_BLOCK_CAPTURE_AUTORELEASING = YES;
				CLANG_WARN_BOOL_CONVERSION = YES;
				CLANG_WARN_COMMA = YES;
				CLANG_WARN_CONSTANT_CONVERSION = YES;
				CLANG_WARN_DIRECT_OBJC_ISA_USAGE = YES_ERROR;
				CLANG_WARN_DOCUMENTATION_COMMENTS = YES;
				CLANG_WARN_EMPTY_BODY = YES;
				CLANG_WARN_ENUM_CONVERSION = YES;
				CLANG_WARN_INFINITE_RECURSION = YES;
				CLANG_WARN_INT_CONVERSION = YES;
				CLANG_WARN_NON_LITERAL_NULL_CONVERSION = YES;
				CLANG_WARN_OBJC_LITERAL_CONVERSION = YES;
				CLANG_WARN_OBJC_ROOT_CLASS = YES_ERROR;
				CLANG_WARN_RANGE_LOOP_ANALYSIS = YES;
				CLANG_WARN_STRICT_PROTOTYPES = YES;
				CLANG_WARN_SUSPICIOUS_MOVE = YES;
				CLANG_WARN_UNGUARDED_AVAILABILITY = YES_AGGRESSIVE;
				CLANG_WARN_UNREACHABLE_CODE = YES;
				CLANG_WARN__DUPLICATE_METHOD_MATCH = YES;
				CODE_SIGN_IDENTITY = "iPhone Developer";
				COPY_PHASE_STRIP = NO;
				DEBUG_INFORMATION_FORMAT = dwarf;
				ENABLE_STRICT_OBJC_MSGSEND = YES;
				ENABLE_TESTABILITY = YES;
				GCC_C_LANGUAGE_STANDARD = gnu11;
				GCC_DYNAMIC_NO_PIC = NO;
				GCC_NO_COMMON_BLOCKS = YES;
				GCC_OPTIMIZATION_LEVEL = 0;
				GCC_PREPROCESSOR_DEFINITIONS = (
					"DEBUG=1",
					"$(inherited)",
				);
				GCC_WARN_64_TO_32_BIT_CONVERSION = YES;
				GCC_WARN_ABOUT_RETURN_TYPE = YES_ERROR;
				GCC_WARN_UNDECLARED_SELECTOR = YES;
				GCC_WARN_UNINITIALIZED_AUTOS = YES_AGGRESSIVE;
				GCC_WARN_UNUSED_FUNCTION = YES;
				GCC_WARN_UNUSED_VARIABLE = YES;
				IPHONEOS_DEPLOYMENT_TARGET = 11.0;
				MTL_ENABLE_DEBUG_INFO = YES;
				ONLY_ACTIVE_ARCH = YES;
				SDKROOT = iphoneos;
				SWIFT_ACTIVE_COMPILATION_CONDITIONS = DEBUG;
				SWIFT_OPTIMIZATION_LEVEL = "-Onone";
			};
			name = Debug;
		};
		16559BF520ADF9D6002D4F78 /* Release */ = {
			isa = XCBuildConfiguration;
			buildSettings = {
				ALWAYS_SEARCH_USER_PATHS = NO;
				CLANG_ANALYZER_NONNULL = YES;
				CLANG_ANALYZER_NUMBER_OBJECT_CONVERSION = YES_AGGRESSIVE;
				CLANG_CXX_LANGUAGE_STANDARD = "gnu++14";
				CLANG_CXX_LIBRARY = "libc++";
				CLANG_ENABLE_MODULES = YES;
				CLANG_ENABLE_OBJC_ARC = YES;
				CLANG_WARN_BLOCK_CAPTURE_AUTORELEASING = YES;
				CLANG_WARN_BOOL_CONVERSION = YES;
				CLANG_WARN_COMMA = YES;
				CLANG_WARN_CONSTANT_CONVERSION = YES;
				CLANG_WARN_DIRECT_OBJC_ISA_USAGE = YES_ERROR;
				CLANG_WARN_DOCUMENTATION_COMMENTS = YES;
				CLANG_WARN_EMPTY_BODY = YES;
				CLANG_WARN_ENUM_CONVERSION = YES;
				CLANG_WARN_INFINITE_RECURSION = YES;
				CLANG_WARN_INT_CONVERSION = YES;
				CLANG_WARN_NON_LITERAL_NULL_CONVERSION = YES;
				CLANG_WARN_OBJC_LITERAL_CONVERSION = YES;
				CLANG_WARN_OBJC_ROOT_CLASS = YES_ERROR;
				CLANG_WARN_RANGE_LOOP_ANALYSIS = YES;
				CLANG_WARN_STRICT_PROTOTYPES = YES;
				CLANG_WARN_SUSPICIOUS_MOVE = YES;
				CLANG_WARN_UNGUARDED_AVAILABILITY = YES_AGGRESSIVE;
				CLANG_WARN_UNREACHABLE_CODE = YES;
				CLANG_WARN__DUPLICATE_METHOD_MATCH = YES;
				CODE_SIGN_IDENTITY = "iPhone Developer";
				COPY_PHASE_STRIP = NO;
				DEBUG_INFORMATION_FORMAT = "dwarf-with-dsym";
				ENABLE_NS_ASSERTIONS = NO;
				ENABLE_STRICT_OBJC_MSGSEND = YES;
				GCC_C_LANGUAGE_STANDARD = gnu11;
				GCC_NO_COMMON_BLOCKS = YES;
				GCC_WARN_64_TO_32_BIT_CONVERSION = YES;
				GCC_WARN_ABOUT_RETURN_TYPE = YES_ERROR;
				GCC_WARN_UNDECLARED_SELECTOR = YES;
				GCC_WARN_UNINITIALIZED_AUTOS = YES_AGGRESSIVE;
				GCC_WARN_UNUSED_FUNCTION = YES;
				GCC_WARN_UNUSED_VARIABLE = YES;
				IPHONEOS_DEPLOYMENT_TARGET = 11.0;
				MTL_ENABLE_DEBUG_INFO = NO;
				SDKROOT = iphoneos;
				SWIFT_OPTIMIZATION_LEVEL = "-Owholemodule";
				VALIDATE_PRODUCT = YES;
			};
			name = Release;
		};
		16559BF720ADF9D6002D4F78 /* Debug */ = {
			isa = XCBuildConfiguration;
			baseConfigurationReference = 601C7F97CBFA2DC03E9A0D60 /* Pods-KidsSaveOcean.debug.xcconfig */;
			buildSettings = {
				ASSETCATALOG_COMPILER_APPICON_NAME = AppIcon;
				CODE_SIGN_ENTITLEMENTS = KidsSaveOcean/KidsSaveOcean.entitlements;
				CODE_SIGN_STYLE = Automatic;
				CURRENT_PROJECT_VERSION = 20;
				DEVELOPMENT_TEAM = 3ATY5UD3SW;
				INFOPLIST_FILE = KidsSaveOcean/Info.plist;
				IPHONEOS_DEPLOYMENT_TARGET = 11.0;
				LD_RUNPATH_SEARCH_PATHS = "$(inherited) @executable_path/Frameworks";
				PRODUCT_BUNDLE_IDENTIFIER = com.KidsSaveOcean;
				PRODUCT_NAME = "$(TARGET_NAME)";
				SWIFT_VERSION = 4.2;
				TARGETED_DEVICE_FAMILY = "1,2";
			};
			name = Debug;
		};
		16559BF820ADF9D6002D4F78 /* Release */ = {
			isa = XCBuildConfiguration;
			baseConfigurationReference = 4ECC16072F43E73465244A56 /* Pods-KidsSaveOcean.release.xcconfig */;
			buildSettings = {
				ASSETCATALOG_COMPILER_APPICON_NAME = AppIcon;
				CODE_SIGN_ENTITLEMENTS = KidsSaveOcean/KidsSaveOcean.entitlements;
				CODE_SIGN_STYLE = Automatic;
				CURRENT_PROJECT_VERSION = 20;
				DEVELOPMENT_TEAM = 3ATY5UD3SW;
				GCC_OPTIMIZATION_LEVEL = 0;
				INFOPLIST_FILE = KidsSaveOcean/Info.plist;
				IPHONEOS_DEPLOYMENT_TARGET = 11.0;
				LD_RUNPATH_SEARCH_PATHS = "$(inherited) @executable_path/Frameworks";
				PRODUCT_BUNDLE_IDENTIFIER = com.KidsSaveOcean;
				PRODUCT_NAME = "$(TARGET_NAME)";
				SWIFT_OPTIMIZATION_LEVEL = "-Onone";
				SWIFT_VERSION = 4.2;
				TARGETED_DEVICE_FAMILY = "1,2";
			};
			name = Release;
		};
		16559BFA20ADF9D6002D4F78 /* Debug */ = {
			isa = XCBuildConfiguration;
			baseConfigurationReference = DD4C9487DF28835753C98C29 /* Pods-KidsSaveOceanTests.debug.xcconfig */;
			buildSettings = {
				ALWAYS_EMBED_SWIFT_STANDARD_LIBRARIES = YES;
				BUNDLE_LOADER = "$(TEST_HOST)";
				CODE_SIGN_STYLE = Automatic;
				DEVELOPMENT_TEAM = 3ATY5UD3SW;
				INFOPLIST_FILE = KidsSaveOceanTests/Info.plist;
				LD_RUNPATH_SEARCH_PATHS = "$(inherited) @executable_path/Frameworks @loader_path/Frameworks";
				PRODUCT_BUNDLE_IDENTIFIER = com.test.KidsSaveOceanTests;
				PRODUCT_NAME = "$(TARGET_NAME)";
				SWIFT_VERSION = 4.2;
				TARGETED_DEVICE_FAMILY = "1,2";
				TEST_HOST = "$(BUILT_PRODUCTS_DIR)/KidsSaveOcean.app/KidsSaveOcean";
			};
			name = Debug;
		};
		16559BFB20ADF9D6002D4F78 /* Release */ = {
			isa = XCBuildConfiguration;
			baseConfigurationReference = E5CCBD1C7FF8B85758105725 /* Pods-KidsSaveOceanTests.release.xcconfig */;
			buildSettings = {
				ALWAYS_EMBED_SWIFT_STANDARD_LIBRARIES = YES;
				BUNDLE_LOADER = "$(TEST_HOST)";
				CODE_SIGN_STYLE = Automatic;
				DEVELOPMENT_TEAM = 3ATY5UD3SW;
				INFOPLIST_FILE = KidsSaveOceanTests/Info.plist;
				LD_RUNPATH_SEARCH_PATHS = "$(inherited) @executable_path/Frameworks @loader_path/Frameworks";
				PRODUCT_BUNDLE_IDENTIFIER = com.test.KidsSaveOceanTests;
				PRODUCT_NAME = "$(TARGET_NAME)";
				SWIFT_VERSION = 4.2;
				TARGETED_DEVICE_FAMILY = "1,2";
				TEST_HOST = "$(BUILT_PRODUCTS_DIR)/KidsSaveOcean.app/KidsSaveOcean";
			};
			name = Release;
		};
		16559BFD20ADF9D6002D4F78 /* Debug */ = {
			isa = XCBuildConfiguration;
			baseConfigurationReference = 6914C3C0778B663652C3BF7C /* Pods-KidsSaveOceanUITests.debug.xcconfig */;
			buildSettings = {
				ALWAYS_EMBED_SWIFT_STANDARD_LIBRARIES = YES;
				CODE_SIGN_STYLE = Automatic;
				DEVELOPMENT_TEAM = 3ATY5UD3SW;
				INFOPLIST_FILE = KidsSaveOceanUITests/Info.plist;
				LD_RUNPATH_SEARCH_PATHS = "$(inherited) @executable_path/Frameworks @loader_path/Frameworks";
				PRODUCT_BUNDLE_IDENTIFIER = com.test.KidsSaveOceanUITests;
				PRODUCT_NAME = "$(TARGET_NAME)";
				SWIFT_VERSION = 4.2;
				TARGETED_DEVICE_FAMILY = "1,2";
				TEST_TARGET_NAME = KidsSaveOcean;
			};
			name = Debug;
		};
		16559BFE20ADF9D6002D4F78 /* Release */ = {
			isa = XCBuildConfiguration;
			baseConfigurationReference = 998C89941F10610428F33BD9 /* Pods-KidsSaveOceanUITests.release.xcconfig */;
			buildSettings = {
				ALWAYS_EMBED_SWIFT_STANDARD_LIBRARIES = YES;
				CODE_SIGN_STYLE = Automatic;
				DEVELOPMENT_TEAM = 3ATY5UD3SW;
				INFOPLIST_FILE = KidsSaveOceanUITests/Info.plist;
				LD_RUNPATH_SEARCH_PATHS = "$(inherited) @executable_path/Frameworks @loader_path/Frameworks";
				PRODUCT_BUNDLE_IDENTIFIER = com.test.KidsSaveOceanUITests;
				PRODUCT_NAME = "$(TARGET_NAME)";
				SWIFT_VERSION = 4.2;
				TARGETED_DEVICE_FAMILY = "1,2";
				TEST_TARGET_NAME = KidsSaveOcean;
			};
			name = Release;
		};
/* End XCBuildConfiguration section */

/* Begin XCConfigurationList section */
		16559BC720ADF9D5002D4F78 /* Build configuration list for PBXProject "KidsSaveOcean" */ = {
			isa = XCConfigurationList;
			buildConfigurations = (
				16559BF420ADF9D6002D4F78 /* Debug */,
				16559BF520ADF9D6002D4F78 /* Release */,
			);
			defaultConfigurationIsVisible = 0;
			defaultConfigurationName = Release;
		};
		16559BF620ADF9D6002D4F78 /* Build configuration list for PBXNativeTarget "KidsSaveOcean" */ = {
			isa = XCConfigurationList;
			buildConfigurations = (
				16559BF720ADF9D6002D4F78 /* Debug */,
				16559BF820ADF9D6002D4F78 /* Release */,
			);
			defaultConfigurationIsVisible = 0;
			defaultConfigurationName = Release;
		};
		16559BF920ADF9D6002D4F78 /* Build configuration list for PBXNativeTarget "KidsSaveOceanTests" */ = {
			isa = XCConfigurationList;
			buildConfigurations = (
				16559BFA20ADF9D6002D4F78 /* Debug */,
				16559BFB20ADF9D6002D4F78 /* Release */,
			);
			defaultConfigurationIsVisible = 0;
			defaultConfigurationName = Release;
		};
		16559BFC20ADF9D6002D4F78 /* Build configuration list for PBXNativeTarget "KidsSaveOceanUITests" */ = {
			isa = XCConfigurationList;
			buildConfigurations = (
				16559BFD20ADF9D6002D4F78 /* Debug */,
				16559BFE20ADF9D6002D4F78 /* Release */,
			);
			defaultConfigurationIsVisible = 0;
			defaultConfigurationName = Release;
		};
/* End XCConfigurationList section */
	};
	rootObject = 16559BC420ADF9D5002D4F78 /* Project object */;
}
